<?xml version="1.0" encoding="utf-8"?>
<Project ToolsVersion="4.0" xmlns="http://schemas.microsoft.com/developer/msbuild/2003">
  <ItemGroup>
    <Filter Include="base">
      <UniqueIdentifier>{a05ef4e7-80ad-4c1d-abcd-5b1dee452a5b}</UniqueIdentifier>
    </Filter>
    <Filter Include="util">
      <UniqueIdentifier>{c97f70a7-2b75-4e6d-8b18-23565e5f70ce}</UniqueIdentifier>
    </Filter>
    <Filter Include="geometry">
      <UniqueIdentifier>{25d5b243-d919-4d67-9bb4-4019b3327dfe}</UniqueIdentifier>
    </Filter>
    <Filter Include="containers">
      <UniqueIdentifier>{e74dbb32-f1d4-4dad-a9e1-e2f142062fed}</UniqueIdentifier>
    </Filter>
    <Filter Include="math">
      <UniqueIdentifier>{0f0b0eb4-f48b-4191-8d4b-53a71a3c0cab}</UniqueIdentifier>
    </Filter>
    <Filter Include="threading">
      <UniqueIdentifier>{fda8d707-a1f8-47f8-a99e-15a2ab4f3614}</UniqueIdentifier>
    </Filter>
  </ItemGroup>
  <ItemGroup>
    <ClCompile Include="..\..\..\source\core\dgNode.cpp">
      <Filter>base</Filter>
    </ClCompile>
    <ClCompile Include="..\..\..\source\core\dgRef.cpp">
      <Filter>base</Filter>
    </ClCompile>
    <ClCompile Include="..\..\..\source\core\dgRefCounter.cpp">
      <Filter>base</Filter>
    </ClCompile>
    <ClCompile Include="..\..\..\source\core\dg.cpp">
      <Filter>util</Filter>
    </ClCompile>
    <ClCompile Include="..\..\..\source\core\dgCRC.cpp">
      <Filter>util</Filter>
    </ClCompile>
    <ClCompile Include="..\..\..\source\core\dgDebug.cpp">
      <Filter>util</Filter>
    </ClCompile>
    <ClCompile Include="..\..\..\source\core\dgMemory.cpp">
      <Filter>util</Filter>
    </ClCompile>
    <ClCompile Include="..\..\..\source\core\dgTypes.cpp">
      <Filter>util</Filter>
    </ClCompile>
    <ClCompile Include="..\..\..\source\core\dgAABBPolygonSoup.cpp">
      <Filter>geometry</Filter>
    </ClCompile>
    <ClCompile Include="..\..\..\source\core\dgConvexHull3d.cpp">
      <Filter>geometry</Filter>
    </ClCompile>
    <ClCompile Include="..\..\..\source\core\dgConvexHull4d.cpp">
      <Filter>geometry</Filter>
    </ClCompile>
    <ClCompile Include="..\..\..\source\core\dgDelaunayTetrahedralization.cpp">
      <Filter>geometry</Filter>
    </ClCompile>
    <ClCompile Include="..\..\..\source\core\dgIntersections.cpp">
      <Filter>geometry</Filter>
    </ClCompile>
    <ClCompile Include="..\..\..\source\core\dgPolygonSoupBuilder.cpp">
      <Filter>geometry</Filter>
    </ClCompile>
    <ClCompile Include="..\..\..\source\core\dgPolyhedra.cpp">
      <Filter>geometry</Filter>
    </ClCompile>
    <ClCompile Include="..\..\..\source\core\dgPolyhedraMassProperties.cpp">
      <Filter>geometry</Filter>
    </ClCompile>
    <ClCompile Include="..\..\..\source\core\dgTree.cpp">
      <Filter>containers</Filter>
    </ClCompile>
    <ClCompile Include="..\..\..\source\core\dgGeneralMatrix.cpp">
      <Filter>math</Filter>
    </ClCompile>
    <ClCompile Include="..\..\..\source\core\dgGeneralVector.cpp">
      <Filter>math</Filter>
    </ClCompile>
    <ClCompile Include="..\..\..\source\core\dgGoogol.cpp">
      <Filter>math</Filter>
    </ClCompile>
    <ClCompile Include="..\..\..\source\core\dgMatrix.cpp">
      <Filter>math</Filter>
    </ClCompile>
    <ClCompile Include="..\..\..\source\core\dgQuaternion.cpp">
      <Filter>math</Filter>
    </ClCompile>
    <ClCompile Include="..\..\..\source\core\dgRandom.cpp">
      <Filter>math</Filter>
    </ClCompile>
    <ClCompile Include="..\..\..\source\core\dgSmallDeterminant.cpp">
      <Filter>math</Filter>
    </ClCompile>
    <ClCompile Include="..\..\..\source\core\dgSPDMatrix.cpp">
      <Filter>math</Filter>
    </ClCompile>
    <ClCompile Include="..\..\..\source\core\dgAsyncThread.cpp">
      <Filter>threading</Filter>
    </ClCompile>
    <ClCompile Include="..\..\..\source\core\dgMutexThread.cpp">
      <Filter>threading</Filter>
    </ClCompile>
    <ClCompile Include="..\..\..\source\core\dgThread.cpp">
      <Filter>threading</Filter>
    </ClCompile>
    <ClCompile Include="..\..\..\source\core\dgThreadHive.cpp">
      <Filter>threading</Filter>
    </ClCompile>
    <ClCompile Include="..\..\..\source\core\dgObb.cpp">
      <Filter>math</Filter>
    </ClCompile>
  </ItemGroup>
  <ItemGroup>
    <ClInclude Include="..\..\..\source\core\dgNode.h">
      <Filter>base</Filter>
    </ClInclude>
    <ClInclude Include="..\..\..\source\core\dgRef.h">
      <Filter>base</Filter>
    </ClInclude>
    <ClInclude Include="..\..\..\source\core\dgRefCounter.h">
      <Filter>base</Filter>
    </ClInclude>
    <ClInclude Include="..\..\..\source\core\dgRtti.h">
      <Filter>base</Filter>
    </ClInclude>
    <ClInclude Include="..\..\..\source\core\dg.h">
      <Filter>util</Filter>
    </ClInclude>
    <ClInclude Include="..\..\..\source\core\dgCRC.h">
      <Filter>util</Filter>
    </ClInclude>
    <ClInclude Include="..\..\..\source\core\dgDebug.h">
      <Filter>util</Filter>
    </ClInclude>
    <ClInclude Include="..\..\..\source\core\dgMemory.h">
      <Filter>util</Filter>
    </ClInclude>
    <ClInclude Include="..\..\..\source\core\dgStdafx.h">
      <Filter>util</Filter>
    </ClInclude>
    <ClInclude Include="..\..\..\source\core\dgTypes.h">
      <Filter>util</Filter>
    </ClInclude>
    <ClInclude Include="..\..\..\source\core\dgAABBPolygonSoup.h">
      <Filter>geometry</Filter>
    </ClInclude>
    <ClInclude Include="..\..\..\source\core\dgConvexHull3d.h">
      <Filter>geometry</Filter>
    </ClInclude>
    <ClInclude Include="..\..\..\source\core\dgConvexHull4d.h">
      <Filter>geometry</Filter>
    </ClInclude>
    <ClInclude Include="..\..\..\source\core\dgDelaunayTetrahedralization.h">
      <Filter>geometry</Filter>
    </ClInclude>
    <ClInclude Include="..\..\..\source\core\dgIntersections.h">
      <Filter>geometry</Filter>
    </ClInclude>
    <ClInclude Include="..\..\..\source\core\dgPolygonSoupBuilder.h">
      <Filter>geometry</Filter>
    </ClInclude>
    <ClInclude Include="..\..\..\source\core\dgPolygonSoupDatabase.h">
      <Filter>geometry</Filter>
    </ClInclude>
    <ClInclude Include="..\..\..\source\core\dgPolyhedra.h">
      <Filter>geometry</Filter>
    </ClInclude>
    <ClInclude Include="..\..\..\source\core\dgPolyhedraMassProperties.h">
      <Filter>geometry</Filter>
    </ClInclude>
    <ClInclude Include="..\..\..\source\core\dgArray.h">
      <Filter>containers</Filter>
    </ClInclude>
    <ClInclude Include="..\..\..\source\core\dgFastQueue.h">
      <Filter>containers</Filter>
    </ClInclude>
    <ClInclude Include="..\..\..\source\core\dgGraph.h">
      <Filter>containers</Filter>
    </ClInclude>
    <ClInclude Include="..\..\..\source\core\dgHeap.h">
      <Filter>containers</Filter>
    </ClInclude>
    <ClInclude Include="..\..\..\source\core\dgList.h">
      <Filter>containers</Filter>
    </ClInclude>
    <ClInclude Include="..\..\..\source\core\dgPathFinder.h">
      <Filter>containers</Filter>
    </ClInclude>
    <ClInclude Include="..\..\..\source\core\dgStack.h">
      <Filter>containers</Filter>
    </ClInclude>
    <ClInclude Include="..\..\..\source\core\dgTree.h">
      <Filter>containers</Filter>
    </ClInclude>
    <ClInclude Include="..\..\..\source\core\dgGeneralMatrix.h">
      <Filter>math</Filter>
    </ClInclude>
    <ClInclude Include="..\..\..\source\core\dgGeneralVector.h">
      <Filter>math</Filter>
    </ClInclude>
    <ClInclude Include="..\..\..\source\core\dgGoogol.h">
      <Filter>math</Filter>
    </ClInclude>
    <ClInclude Include="..\..\..\source\core\dgMatrix.h">
      <Filter>math</Filter>
    </ClInclude>
    <ClInclude Include="..\..\..\source\core\dgPlane.h">
      <Filter>math</Filter>
    </ClInclude>
    <ClInclude Include="..\..\..\source\core\dgQuaternion.h">
      <Filter>math</Filter>
    </ClInclude>
    <ClInclude Include="..\..\..\source\core\dgRandom.h">
      <Filter>math</Filter>
    </ClInclude>
    <ClInclude Include="..\..\..\source\core\dgSmallDeterminant.h">
      <Filter>math</Filter>
    </ClInclude>
    <ClInclude Include="..\..\..\source\core\dgSPDMatrix.h">
      <Filter>math</Filter>
    </ClInclude>
    <ClInclude Include="..\..\..\source\core\dgVector.h">
      <Filter>math</Filter>
    </ClInclude>
    <ClInclude Include="..\..\..\source\core\dgAsyncThread.h">
      <Filter>threading</Filter>
    </ClInclude>
    <ClInclude Include="..\..\..\source\core\dgMutexThread.h">
      <Filter>threading</Filter>
    </ClInclude>
    <ClInclude Include="..\..\..\source\core\dgThread.h">
      <Filter>threading</Filter>
    </ClInclude>
    <ClInclude Include="..\..\..\source\core\dgThreadHive.h">
      <Filter>threading</Filter>
    </ClInclude>
    <ClInclude Include="..\..\..\source\core\dgThreadProfiler.h">
      <Filter>threading</Filter>
    </ClInclude>
    <ClInclude Include="..\..\..\source\core\dgObb.h">
      <Filter>math</Filter>
    </ClInclude>
  </ItemGroup>
</Project>