// !$*UTF8*$!
{
	archiveVersion = 1;
	classes = {
	};
	objectVersion = 46;
	objects = {

/* Begin PBXBuildFile section */
		09AD1AB4131433160054D1B6 /* CoreFoundation.framework in Frameworks */ = {isa = PBXBuildFile; fileRef = 09AD1AB3131433160054D1B6 /* CoreFoundation.framework */; };
		FF3B296F17300BD6007E6FEC /* KinematicBodies.cpp in Sources */ = {isa = PBXBuildFile; fileRef = FF3B296E17300BD6007E6FEC /* KinematicBodies.cpp */; };
		FF3B297117300C79007E6FEC /* UserStaticCollision.cpp in Sources */ = {isa = PBXBuildFile; fileRef = FF3B297017300C79007E6FEC /* UserStaticCollision.cpp */; };
		FF3B297617300CF0007E6FEC /* UserHeightFieldCollision.cpp in Sources */ = {isa = PBXBuildFile; fileRef = FF3B297217300CF0007E6FEC /* UserHeightFieldCollision.cpp */; };
		FF3B297717300CF0007E6FEC /* UserPlaneCollision.cpp in Sources */ = {isa = PBXBuildFile; fileRef = FF3B297417300CF0007E6FEC /* UserPlaneCollision.cpp */; };
		FF3B297B17300D39007E6FEC /* PostCompoundCreateBuildTest.cpp in Sources */ = {isa = PBXBuildFile; fileRef = FF3B297817300D39007E6FEC /* PostCompoundCreateBuildTest.cpp */; };
		FF3B297C17300D39007E6FEC /* PuckSlide.cpp in Sources */ = {isa = PBXBuildFile; fileRef = FF3B297917300D39007E6FEC /* PuckSlide.cpp */; };
		FF3B297D17300D39007E6FEC /* SimpleBooleans.cpp in Sources */ = {isa = PBXBuildFile; fileRef = FF3B297A17300D39007E6FEC /* SimpleBooleans.cpp */; };
		FF8F28B2131367150019E923 /* OpenGL.framework in Frameworks */ = {isa = PBXBuildFile; fileRef = FF8F28B1131367150019E923 /* OpenGL.framework */; };
		FFD27430172DA02000114513 /* DemoListenerBase.cpp in Sources */ = {isa = PBXBuildFile; fileRef = FFD2742E172DA02000114513 /* DemoListenerBase.cpp */; };
		FFD27433172DA05A00114513 /* AdvancedPlayerController.cpp in Sources */ = {isa = PBXBuildFile; fileRef = FFD27431172DA05A00114513 /* AdvancedPlayerController.cpp */; };
		FFD27434172DA05A00114513 /* BasicPlayerController.cpp in Sources */ = {isa = PBXBuildFile; fileRef = FFD27432172DA05A00114513 /* BasicPlayerController.cpp */; };
		FFD27436172DA06D00114513 /* DemoCameraListener.cpp in Sources */ = {isa = PBXBuildFile; fileRef = FFD27435172DA06D00114513 /* DemoCameraListener.cpp */; };
		FFD27493172E04FD00114513 /* OpenAL.framework in Frameworks */ = {isa = PBXBuildFile; fileRef = FFD27492172E04FD00114513 /* OpenAL.framework */; };
		FFF06E3B173D60A8005F31CE /* libdContainers.a in Frameworks */ = {isa = PBXBuildFile; fileRef = FFF06E31173D60A8005F31CE /* libdContainers.a */; };
		FFF06E3C173D60A8005F31CE /* libdCustomJoints.a in Frameworks */ = {isa = PBXBuildFile; fileRef = FFF06E32173D60A8005F31CE /* libdCustomJoints.a */; };
		FFF06E3D173D60A8005F31CE /* libdMath.a in Frameworks */ = {isa = PBXBuildFile; fileRef = FFF06E33173D60A8005F31CE /* libdMath.a */; };
		FFF06E3E173D60A8005F31CE /* libdScene.a in Frameworks */ = {isa = PBXBuildFile; fileRef = FFF06E34173D60A8005F31CE /* libdScene.a */; };
		FFF06E3F173D60A8005F31CE /* libdVisualDebuggerServer.a in Frameworks */ = {isa = PBXBuildFile; fileRef = FFF06E35173D60A8005F31CE /* libdVisualDebuggerServer.a */; };
		FFF06E40173D60A8005F31CE /* libenet.a in Frameworks */ = {isa = PBXBuildFile; fileRef = FFF06E36173D60A8005F31CE /* libenet.a */; };
		FFF06E41173D60A8005F31CE /* libglew.a in Frameworks */ = {isa = PBXBuildFile; fileRef = FFF06E37173D60A8005F31CE /* libglew.a */; };
		FFF06E42173D60A8005F31CE /* libnewton.a in Frameworks */ = {isa = PBXBuildFile; fileRef = FFF06E38173D60A8005F31CE /* libnewton.a */; };
		FFF06E43173D60A8005F31CE /* libtinyxml.a in Frameworks */ = {isa = PBXBuildFile; fileRef = FFF06E39173D60A8005F31CE /* libtinyxml.a */; };
		FFF06E44173D60A8005F31CE /* libwxWidgets.a in Frameworks */ = {isa = PBXBuildFile; fileRef = FFF06E3A173D60A8005F31CE /* libwxWidgets.a */; };
		FFF60F461556D9F100E7B112 /* DemoAIAgent.cpp in Sources */ = {isa = PBXBuildFile; fileRef = FFF60F2D1556D9F100E7B112 /* DemoAIAgent.cpp */; };
		FFF60F471556D9F100E7B112 /* DemoAIListener.cpp in Sources */ = {isa = PBXBuildFile; fileRef = FFF60F2F1556D9F100E7B112 /* DemoAIListener.cpp */; };
		FFF60F481556D9F100E7B112 /* DemoCamera.cpp in Sources */ = {isa = PBXBuildFile; fileRef = FFF60F311556D9F100E7B112 /* DemoCamera.cpp */; };
		FFF60F491556D9F100E7B112 /* DemoEntity.cpp in Sources */ = {isa = PBXBuildFile; fileRef = FFF60F331556D9F100E7B112 /* DemoEntity.cpp */; };
		FFF60F4A1556D9F100E7B112 /* DemoEntityListener.cpp in Sources */ = {isa = PBXBuildFile; fileRef = FFF60F351556D9F100E7B112 /* DemoEntityListener.cpp */; };
		FFF60F4B1556D9F100E7B112 /* DemoEntityManager.cpp in Sources */ = {isa = PBXBuildFile; fileRef = FFF60F371556D9F100E7B112 /* DemoEntityManager.cpp */; };
		FFF60F4E1556D9F100E7B112 /* DemoMesh.cpp in Sources */ = {isa = PBXBuildFile; fileRef = FFF60F3D1556D9F100E7B112 /* DemoMesh.cpp */; };
		FFF60F4F1556D9F100E7B112 /* DemoSoundListener.cpp in Sources */ = {isa = PBXBuildFile; fileRef = FFF60F3F1556D9F100E7B112 /* DemoSoundListener.cpp */; };
		FFF60F501556D9F100E7B112 /* DemoVisualDebugerListener.cpp in Sources */ = {isa = PBXBuildFile; fileRef = FFF60F411556D9F100E7B112 /* DemoVisualDebugerListener.cpp */; };
		FFF60F511556D9F100E7B112 /* NewtonDemos.cpp in Sources */ = {isa = PBXBuildFile; fileRef = FFF60F441556D9F100E7B112 /* NewtonDemos.cpp */; };
		FFF60F7A1556DA2300E7B112 /* BasicCar.cpp in Sources */ = {isa = PBXBuildFile; fileRef = FFF60F531556DA2300E7B112 /* BasicCar.cpp */; };
		FFF60F7C1556DA2300E7B112 /* BasicFriction.cpp in Sources */ = {isa = PBXBuildFile; fileRef = FFF60F551556DA2300E7B112 /* BasicFriction.cpp */; };
		FFF60F7E1556DA2300E7B112 /* BasicRestitution.cpp in Sources */ = {isa = PBXBuildFile; fileRef = FFF60F571556DA2300E7B112 /* BasicRestitution.cpp */; };
		FFF60F811556DA2300E7B112 /* BasicStacking.cpp in Sources */ = {isa = PBXBuildFile; fileRef = FFF60F5A1556DA2300E7B112 /* BasicStacking.cpp */; };
		FFF60F841556DA2300E7B112 /* ClosestDistance.cpp in Sources */ = {isa = PBXBuildFile; fileRef = FFF60F5D1556DA2300E7B112 /* ClosestDistance.cpp */; };
		FFF60F851556DA2300E7B112 /* CompoundCollision.cpp in Sources */ = {isa = PBXBuildFile; fileRef = FFF60F5E1556DA2300E7B112 /* CompoundCollision.cpp */; };
		FFF60F861556DA2300E7B112 /* ContinueCollision.cpp in Sources */ = {isa = PBXBuildFile; fileRef = FFF60F5F1556DA2300E7B112 /* ContinueCollision.cpp */; };
		FFF60F871556DA2300E7B112 /* ConvexApproximation.cpp in Sources */ = {isa = PBXBuildFile; fileRef = FFF60F601556DA2300E7B112 /* ConvexApproximation.cpp */; };
		FFF60F881556DA2300E7B112 /* ConvexCast.cpp in Sources */ = {isa = PBXBuildFile; fileRef = FFF60F611556DA2300E7B112 /* ConvexCast.cpp */; };
		FFF60F891556DA2300E7B112 /* HeavyVehicles.cpp in Sources */ = {isa = PBXBuildFile; fileRef = FFF60F621556DA2300E7B112 /* HeavyVehicles.cpp */; };
		FFF60F8A1556DA2300E7B112 /* HeighFieldCollision.cpp in Sources */ = {isa = PBXBuildFile; fileRef = FFF60F631556DA2300E7B112 /* HeighFieldCollision.cpp */; };
		FFF60F8D1556DA2300E7B112 /* MeshCollision.cpp in Sources */ = {isa = PBXBuildFile; fileRef = FFF60F661556DA2300E7B112 /* MeshCollision.cpp */; };
		FFF60F8F1556DA2300E7B112 /* MultiRayCasting.cpp in Sources */ = {isa = PBXBuildFile; fileRef = FFF60F681556DA2300E7B112 /* MultiRayCasting.cpp */; };
		FFF60F901556DA2300E7B112 /* PrecessingTops.cpp in Sources */ = {isa = PBXBuildFile; fileRef = FFF60F691556DA2300E7B112 /* PrecessingTops.cpp */; };
		FFF60F921556DA2300E7B112 /* PrimitiveCollision.cpp in Sources */ = {isa = PBXBuildFile; fileRef = FFF60F6B1556DA2300E7B112 /* PrimitiveCollision.cpp */; };
		FFF60F951556DA2300E7B112 /* ScaledCollision.cpp in Sources */ = {isa = PBXBuildFile; fileRef = FFF60F6E1556DA2300E7B112 /* ScaledCollision.cpp */; };
		FFF60F961556DA2300E7B112 /* SceneCollision.cpp in Sources */ = {isa = PBXBuildFile; fileRef = FFF60F6F1556DA2300E7B112 /* SceneCollision.cpp */; };
		FFF60F971556DA2300E7B112 /* SimpleConvexShatter.cpp in Sources */ = {isa = PBXBuildFile; fileRef = FFF60F701556DA2300E7B112 /* SimpleConvexShatter.cpp */; };
		FFF60F981556DA2300E7B112 /* SoftBodies.cpp in Sources */ = {isa = PBXBuildFile; fileRef = FFF60F711556DA2300E7B112 /* SoftBodies.cpp */; };
		FFF60F9A1556DA2300E7B112 /* SuperCar.cpp in Sources */ = {isa = PBXBuildFile; fileRef = FFF60F731556DA2300E7B112 /* SuperCar.cpp */; };
		FFF60F9E1556DA2300E7B112 /* UsingNewtonMeshTool.cpp in Sources */ = {isa = PBXBuildFile; fileRef = FFF60F771556DA2300E7B112 /* UsingNewtonMeshTool.cpp */; };
		FFF60FBE1556DBB400E7B112 /* DebugDisplay.cpp in Sources */ = {isa = PBXBuildFile; fileRef = FFF60FA01556DBB400E7B112 /* DebugDisplay.cpp */; };
		FFF60FBF1556DBB400E7B112 /* dHighResolutionTimer.cpp in Sources */ = {isa = PBXBuildFile; fileRef = FFF60FA21556DBB400E7B112 /* dHighResolutionTimer.cpp */; };
		FFF60FC01556DBB400E7B112 /* dRuntimeProfiler.cpp in Sources */ = {isa = PBXBuildFile; fileRef = FFF60FA41556DBB400E7B112 /* dRuntimeProfiler.cpp */; };
		FFF60FC11556DBB400E7B112 /* dSoundManager.cpp in Sources */ = {isa = PBXBuildFile; fileRef = FFF60FA61556DBB400E7B112 /* dSoundManager.cpp */; };
		FFF60FC21556DBB400E7B112 /* HeightFieldPrimitive.cpp in Sources */ = {isa = PBXBuildFile; fileRef = FFF60FA81556DBB400E7B112 /* HeightFieldPrimitive.cpp */; };
		FFF60FC41556DBB400E7B112 /* MousePick.cpp in Sources */ = {isa = PBXBuildFile; fileRef = FFF60FAC1556DBB400E7B112 /* MousePick.cpp */; };
		FFF60FC51556DBB400E7B112 /* OpenGlUtil.cpp in Sources */ = {isa = PBXBuildFile; fileRef = FFF60FAE1556DBB400E7B112 /* OpenGlUtil.cpp */; };
		FFF60FC61556DBB400E7B112 /* PhysicsUtils.cpp in Sources */ = {isa = PBXBuildFile; fileRef = FFF60FB01556DBB400E7B112 /* PhysicsUtils.cpp */; };
		FFF60FC91556DBB400E7B112 /* SkyBox.cpp in Sources */ = {isa = PBXBuildFile; fileRef = FFF60FB61556DBB400E7B112 /* SkyBox.cpp */; };
		FFF60FCA1556DBB400E7B112 /* TargaToOpenGl.cpp in Sources */ = {isa = PBXBuildFile; fileRef = FFF60FB81556DBB400E7B112 /* TargaToOpenGl.cpp */; };
		FFF60FCB1556DBB400E7B112 /* toolbox_stdafx.cpp in Sources */ = {isa = PBXBuildFile; fileRef = FFF60FBA1556DBB400E7B112 /* toolbox_stdafx.cpp */; };
/* End PBXBuildFile section */

/* Begin PBXContainerItemProxy section */
		FF99361B1735F69E000533B7 /* PBXContainerItemProxy */ = {
			isa = PBXContainerItemProxy;
			containerPortal = FF9936141735F69D000533B7 /* newton.xcodeproj */;
			proxyType = 2;
			remoteGlobalIDString = D2AAC06F0554671400DB518D;
			remoteInfo = newton;
		};
		FF9936291735F6C4000533B7 /* PBXContainerItemProxy */ = {
			isa = PBXContainerItemProxy;
			containerPortal = FF9936141735F69D000533B7 /* newton.xcodeproj */;
			proxyType = 1;
			remoteGlobalIDString = D2AAC06E0554671400DB518D;
			remoteInfo = newton;
		};
		FF99367F1735F8AF000533B7 /* PBXContainerItemProxy */ = {
			isa = PBXContainerItemProxy;
			containerPortal = FF7F20861730187900AC6E4B /* enet_osx.xcodeproj */;
			proxyType = 2;
			remoteGlobalIDString = FF3B29D6173014AE007E6FEC;
			remoteInfo = enet_osx;
		};
		FF9936841735F8AF000533B7 /* PBXContainerItemProxy */ = {
			isa = PBXContainerItemProxy;
			containerPortal = FF8C2CFF1313DC7F00646B90 /* dScene.xcodeproj */;
			proxyType = 2;
			remoteGlobalIDString = D2AAC06F0554671400DB518D;
			remoteInfo = dScene;
		};
		FF9936891735F8AF000533B7 /* PBXContainerItemProxy */ = {
			isa = PBXContainerItemProxy;
			containerPortal = FF8C2CE91313DC3700646B90 /* dMath.xcodeproj */;
			proxyType = 2;
			remoteGlobalIDString = D2AAC06F0554671400DB518D;
			remoteInfo = dMath;
		};
		FF99368E1735F8AF000533B7 /* PBXContainerItemProxy */ = {
			isa = PBXContainerItemProxy;
			containerPortal = FFD2A77A172E0A1200114513 /* dVisualDebuggerServer.xcodeproj */;
			proxyType = 2;
			remoteGlobalIDString = FFD2749F172E08F400114513;
			remoteInfo = dVisualDebuggerServer;
		};
		FF9936931735F8AF000533B7 /* PBXContainerItemProxy */ = {
			isa = PBXContainerItemProxy;
			containerPortal = FF8C2D0A1313DC9500646B90 /* tinyxml.xcodeproj */;
			proxyType = 2;
			remoteGlobalIDString = D2AAC06F0554671400DB518D;
			remoteInfo = tinyxml;
		};
		FF9936981735F8AF000533B7 /* PBXContainerItemProxy */ = {
			isa = PBXContainerItemProxy;
			containerPortal = FFD2A799172E126900114513 /* dCustomJoints.xcodeproj */;
			proxyType = 2;
			remoteGlobalIDString = FFD2A792172E123600114513;
			remoteInfo = dCustomJoints;
		};
		FF99369D1735F8B0000533B7 /* PBXContainerItemProxy */ = {
			isa = PBXContainerItemProxy;
			containerPortal = FF8402EB17353606008E038A /* wxcocoaStatic.xcodeproj */;
			proxyType = 2;
			remoteGlobalIDString = 1D025E39C79E3E119D19686C;
			remoteInfo = wxWidget;
		};
		FF9936A21735F8B0000533B7 /* PBXContainerItemProxy */ = {
			isa = PBXContainerItemProxy;
			containerPortal = FF8C2CF41313DC6A00646B90 /* dContainers.xcodeproj */;
			proxyType = 2;
			remoteGlobalIDString = D2AAC06F0554671400DB518D;
			remoteInfo = dContainers;
		};
		FF9936A71735F8B0000533B7 /* PBXContainerItemProxy */ = {
			isa = PBXContainerItemProxy;
			containerPortal = FF0A5030173163D5005D6C12 /* glew-osx.xcodeproj */;
			proxyType = 2;
			remoteGlobalIDString = FF0A4FEC173160E6005D6C12;
			remoteInfo = "glew-osx";
		};
		FF9936A91735F911000533B7 /* PBXContainerItemProxy */ = {
			isa = PBXContainerItemProxy;
			containerPortal = FFD2A799172E126900114513 /* dCustomJoints.xcodeproj */;
			proxyType = 1;
			remoteGlobalIDString = FFD2A791172E123500114513;
			remoteInfo = dCustomJoints;
		};
		FF9936AB1735F911000533B7 /* PBXContainerItemProxy */ = {
			isa = PBXContainerItemProxy;
			containerPortal = FF8C2CF41313DC6A00646B90 /* dContainers.xcodeproj */;
			proxyType = 1;
			remoteGlobalIDString = D2AAC06E0554671400DB518D;
			remoteInfo = dContainers;
		};
		FF9936AD1735F911000533B7 /* PBXContainerItemProxy */ = {
			isa = PBXContainerItemProxy;
			containerPortal = FFD2A77A172E0A1200114513 /* dVisualDebuggerServer.xcodeproj */;
			proxyType = 1;
			remoteGlobalIDString = FFD2749E172E08F400114513;
			remoteInfo = dVisualDebuggerServer;
		};
		FF9936AF1735F911000533B7 /* PBXContainerItemProxy */ = {
			isa = PBXContainerItemProxy;
			containerPortal = FF8402EB17353606008E038A /* wxcocoaStatic.xcodeproj */;
			proxyType = 1;
			remoteGlobalIDString = BAB02EC06578349A9171CCAC;
			remoteInfo = wxWidget;
		};
		FF9936B11735F911000533B7 /* PBXContainerItemProxy */ = {
			isa = PBXContainerItemProxy;
			containerPortal = FF7F20861730187900AC6E4B /* enet_osx.xcodeproj */;
			proxyType = 1;
			remoteGlobalIDString = FF3B29D5173014AE007E6FEC;
			remoteInfo = enet_osx;
		};
		FF9936B31735F911000533B7 /* PBXContainerItemProxy */ = {
			isa = PBXContainerItemProxy;
			containerPortal = FF8C2CFF1313DC7F00646B90 /* dScene.xcodeproj */;
			proxyType = 1;
			remoteGlobalIDString = D2AAC06E0554671400DB518D;
			remoteInfo = dScene;
		};
		FF9936B51735F911000533B7 /* PBXContainerItemProxy */ = {
			isa = PBXContainerItemProxy;
			containerPortal = FF8C2CE91313DC3700646B90 /* dMath.xcodeproj */;
			proxyType = 1;
			remoteGlobalIDString = D2AAC06E0554671400DB518D;
			remoteInfo = dMath;
		};
		FF9936B71735F911000533B7 /* PBXContainerItemProxy */ = {
			isa = PBXContainerItemProxy;
			containerPortal = FF8C2D0A1313DC9500646B90 /* tinyxml.xcodeproj */;
			proxyType = 1;
			remoteGlobalIDString = D2AAC06E0554671400DB518D;
			remoteInfo = tinyxml;
		};
		FF9936B91735F911000533B7 /* PBXContainerItemProxy */ = {
			isa = PBXContainerItemProxy;
			containerPortal = FF0A5030173163D5005D6C12 /* glew-osx.xcodeproj */;
			proxyType = 1;
			remoteGlobalIDString = FF0A4FEB173160E6005D6C12;
			remoteInfo = "glew-osx";
		};
/* End PBXContainerItemProxy section */

/* Begin PBXCopyFilesBuildPhase section */
		8DD76F690486A84900D96B5E /* CopyFiles */ = {
			isa = PBXCopyFilesBuildPhase;
			buildActionMask = 8;
			dstPath = /usr/share/man/man1/;
			dstSubfolderSpec = 0;
			files = (
			);
			runOnlyForDeploymentPostprocessing = 1;
		};
/* End PBXCopyFilesBuildPhase section */

/* Begin PBXFileReference section */
		09AD1AB3131433160054D1B6 /* CoreFoundation.framework */ = {isa = PBXFileReference; lastKnownFileType = wrapper.framework; name = CoreFoundation.framework; path = System/Library/Frameworks/CoreFoundation.framework; sourceTree = SDKROOT; };
		FF0A5030173163D5005D6C12 /* glew-osx.xcodeproj */ = {isa = PBXFileReference; lastKnownFileType = "wrapper.pb-project"; name = "glew-osx.xcodeproj"; path = "../../../../../../../../../../packages/thirdParty/glew/build/glew-osx/glew-osx.xcodeproj"; sourceTree = BUILT_PRODUCTS_DIR; };
		FF3B296E17300BD6007E6FEC /* KinematicBodies.cpp */ = {isa = PBXFileReference; fileEncoding = 4; lastKnownFileType = sourcecode.cpp.cpp; name = KinematicBodies.cpp; path = ../../../sdkDemos/demos/KinematicBodies.cpp; sourceTree = "<group>"; };
		FF3B297017300C79007E6FEC /* UserStaticCollision.cpp */ = {isa = PBXFileReference; fileEncoding = 4; lastKnownFileType = sourcecode.cpp.cpp; name = UserStaticCollision.cpp; path = ../../../sdkDemos/demos/UserStaticCollision.cpp; sourceTree = "<group>"; };
		FF3B297217300CF0007E6FEC /* UserHeightFieldCollision.cpp */ = {isa = PBXFileReference; fileEncoding = 4; lastKnownFileType = sourcecode.cpp.cpp; name = UserHeightFieldCollision.cpp; path = ../../../sdkDemos/toolBox/UserHeightFieldCollision.cpp; sourceTree = "<group>"; };
		FF3B297317300CF0007E6FEC /* UserHeightFieldCollision.h */ = {isa = PBXFileReference; fileEncoding = 4; lastKnownFileType = sourcecode.c.h; name = UserHeightFieldCollision.h; path = ../../../sdkDemos/toolBox/UserHeightFieldCollision.h; sourceTree = "<group>"; };
		FF3B297417300CF0007E6FEC /* UserPlaneCollision.cpp */ = {isa = PBXFileReference; fileEncoding = 4; lastKnownFileType = sourcecode.cpp.cpp; name = UserPlaneCollision.cpp; path = ../../../sdkDemos/toolBox/UserPlaneCollision.cpp; sourceTree = "<group>"; };
		FF3B297517300CF0007E6FEC /* UserPlaneCollision.h */ = {isa = PBXFileReference; fileEncoding = 4; lastKnownFileType = sourcecode.c.h; name = UserPlaneCollision.h; path = ../../../sdkDemos/toolBox/UserPlaneCollision.h; sourceTree = "<group>"; };
		FF3B297817300D39007E6FEC /* PostCompoundCreateBuildTest.cpp */ = {isa = PBXFileReference; fileEncoding = 4; lastKnownFileType = sourcecode.cpp.cpp; name = PostCompoundCreateBuildTest.cpp; path = ../../../sdkDemos/demos/PostCompoundCreateBuildTest.cpp; sourceTree = "<group>"; };
		FF3B297917300D39007E6FEC /* PuckSlide.cpp */ = {isa = PBXFileReference; fileEncoding = 4; lastKnownFileType = sourcecode.cpp.cpp; name = PuckSlide.cpp; path = ../../../sdkDemos/demos/PuckSlide.cpp; sourceTree = "<group>"; };
		FF3B297A17300D39007E6FEC /* SimpleBooleans.cpp */ = {isa = PBXFileReference; fileEncoding = 4; lastKnownFileType = sourcecode.cpp.cpp; name = SimpleBooleans.cpp; path = ../../../sdkDemos/demos/SimpleBooleans.cpp; sourceTree = "<group>"; };
		FF7F20861730187900AC6E4B /* enet_osx.xcodeproj */ = {isa = PBXFileReference; lastKnownFileType = "wrapper.pb-project"; name = enet_osx.xcodeproj; path = "../../../../../../../../../../packages/thirdParty/enet-1.2/enet_osx/enet_osx.xcodeproj"; sourceTree = BUILT_PRODUCTS_DIR; };
		FF8402EB17353606008E038A /* wxcocoaStatic.xcodeproj */ = {isa = PBXFileReference; lastKnownFileType = "wrapper.pb-project"; name = wxcocoaStatic.xcodeproj; path = "../../../../../../../../../../packages/thirdParty/wxWidgets/wxWidgets-2.9.4/build/osx/wxcocoaStatic.xcodeproj"; sourceTree = BUILT_PRODUCTS_DIR; };
		FF8C2CE91313DC3700646B90 /* dMath.xcodeproj */ = {isa = PBXFileReference; lastKnownFileType = "wrapper.pb-project"; name = dMath.xcodeproj; path = ../../../../../../../../../../packages/projects/mac/dMath/dMath.xcodeproj; sourceTree = BUILT_PRODUCTS_DIR; };
		FF8C2CF41313DC6A00646B90 /* dContainers.xcodeproj */ = {isa = PBXFileReference; lastKnownFileType = "wrapper.pb-project"; name = dContainers.xcodeproj; path = ../../../../../../../../../../packages/projects/mac/dContainers/dContainers.xcodeproj; sourceTree = BUILT_PRODUCTS_DIR; };
		FF8C2CFF1313DC7F00646B90 /* dScene.xcodeproj */ = {isa = PBXFileReference; lastKnownFileType = "wrapper.pb-project"; name = dScene.xcodeproj; path = ../../../../../../../../../../packages/projects/mac/dScene/dScene.xcodeproj; sourceTree = BUILT_PRODUCTS_DIR; };
		FF8C2D0A1313DC9500646B90 /* tinyxml.xcodeproj */ = {isa = PBXFileReference; lastKnownFileType = "wrapper.pb-project"; name = tinyxml.xcodeproj; path = ../../../../../../../../../../packages/projects/mac/tinyxml/tinyxml.xcodeproj; sourceTree = BUILT_PRODUCTS_DIR; };
		FF8F28B1131367150019E923 /* OpenGL.framework */ = {isa = PBXFileReference; lastKnownFileType = wrapper.framework; name = OpenGL.framework; path = /System/Library/Frameworks/OpenGL.framework; sourceTree = "<absolute>"; };
		FF9936141735F69D000533B7 /* newton.xcodeproj */ = {isa = PBXFileReference; lastKnownFileType = "wrapper.pb-project"; name = newton.xcodeproj; path = "../../../../../coreLibrary_300/projects/mac/os10.6-xcode-3.2.5/newton.xcodeproj"; sourceTree = "<group>"; };
		FFD2742D172DA02000114513 /* DemoCameraListener.h */ = {isa = PBXFileReference; fileEncoding = 4; lastKnownFileType = sourcecode.c.h; name = DemoCameraListener.h; path = ../../../sdkDemos/DemoCameraListener.h; sourceTree = "<group>"; };
		FFD2742E172DA02000114513 /* DemoListenerBase.cpp */ = {isa = PBXFileReference; fileEncoding = 4; lastKnownFileType = sourcecode.cpp.cpp; name = DemoListenerBase.cpp; path = ../../../sdkDemos/DemoListenerBase.cpp; sourceTree = "<group>"; };
		FFD2742F172DA02000114513 /* DemoListenerBase.h */ = {isa = PBXFileReference; fileEncoding = 4; lastKnownFileType = sourcecode.c.h; name = DemoListenerBase.h; path = ../../../sdkDemos/DemoListenerBase.h; sourceTree = "<group>"; };
		FFD27431172DA05A00114513 /* AdvancedPlayerController.cpp */ = {isa = PBXFileReference; fileEncoding = 4; lastKnownFileType = sourcecode.cpp.cpp; name = AdvancedPlayerController.cpp; path = ../../../sdkDemos/demos/AdvancedPlayerController.cpp; sourceTree = "<group>"; };
		FFD27432172DA05A00114513 /* BasicPlayerController.cpp */ = {isa = PBXFileReference; fileEncoding = 4; lastKnownFileType = sourcecode.cpp.cpp; name = BasicPlayerController.cpp; path = ../../../sdkDemos/demos/BasicPlayerController.cpp; sourceTree = "<group>"; };
		FFD27435172DA06D00114513 /* DemoCameraListener.cpp */ = {isa = PBXFileReference; fileEncoding = 4; lastKnownFileType = sourcecode.cpp.cpp; name = DemoCameraListener.cpp; path = ../../../sdkDemos/DemoCameraListener.cpp; sourceTree = "<group>"; };
		FFD27492172E04FD00114513 /* OpenAL.framework */ = {isa = PBXFileReference; lastKnownFileType = wrapper.framework; name = OpenAL.framework; path = ../../../../../../../../../System/Library/Frameworks/OpenAL.framework; sourceTree = "<group>"; };
		FFD2A77A172E0A1200114513 /* dVisualDebuggerServer.xcodeproj */ = {isa = PBXFileReference; lastKnownFileType = "wrapper.pb-project"; name = dVisualDebuggerServer.xcodeproj; path = ../../../../../../../../../../packages/projects/mac/dVisualDebuggerServer/dVisualDebuggerServer.xcodeproj; sourceTree = BUILT_PRODUCTS_DIR; };
		FFD2A799172E126900114513 /* dCustomJoints.xcodeproj */ = {isa = PBXFileReference; lastKnownFileType = "wrapper.pb-project"; name = dCustomJoints.xcodeproj; path = ../../../../../../../../../../packages/projects/mac/dCustomJoints/dCustomJoints.xcodeproj; sourceTree = BUILT_PRODUCTS_DIR; };
		FFF06E31173D60A8005F31CE /* libdContainers.a */ = {isa = PBXFileReference; lastKnownFileType = archive.ar; name = libdContainers.a; path = DerivedData/demosSandbox/Build/Products/Release/libdContainers.a; sourceTree = "<group>"; };
		FFF06E32173D60A8005F31CE /* libdCustomJoints.a */ = {isa = PBXFileReference; lastKnownFileType = archive.ar; name = libdCustomJoints.a; path = DerivedData/demosSandbox/Build/Products/Release/libdCustomJoints.a; sourceTree = "<group>"; };
		FFF06E33173D60A8005F31CE /* libdMath.a */ = {isa = PBXFileReference; lastKnownFileType = archive.ar; name = libdMath.a; path = DerivedData/demosSandbox/Build/Products/Release/libdMath.a; sourceTree = "<group>"; };
		FFF06E34173D60A8005F31CE /* libdScene.a */ = {isa = PBXFileReference; lastKnownFileType = archive.ar; name = libdScene.a; path = DerivedData/demosSandbox/Build/Products/Release/libdScene.a; sourceTree = "<group>"; };
		FFF06E35173D60A8005F31CE /* libdVisualDebuggerServer.a */ = {isa = PBXFileReference; lastKnownFileType = archive.ar; name = libdVisualDebuggerServer.a; path = DerivedData/demosSandbox/Build/Products/Release/libdVisualDebuggerServer.a; sourceTree = "<group>"; };
		FFF06E36173D60A8005F31CE /* libenet.a */ = {isa = PBXFileReference; lastKnownFileType = archive.ar; name = libenet.a; path = DerivedData/demosSandbox/Build/Products/Release/libenet.a; sourceTree = "<group>"; };
		FFF06E37173D60A8005F31CE /* libglew.a */ = {isa = PBXFileReference; lastKnownFileType = archive.ar; name = libglew.a; path = DerivedData/demosSandbox/Build/Products/Release/libglew.a; sourceTree = "<group>"; };
		FFF06E38173D60A8005F31CE /* libnewton.a */ = {isa = PBXFileReference; lastKnownFileType = archive.ar; name = libnewton.a; path = DerivedData/demosSandbox/Build/Products/Release/libnewton.a; sourceTree = "<group>"; };
		FFF06E39173D60A8005F31CE /* libtinyxml.a */ = {isa = PBXFileReference; lastKnownFileType = archive.ar; name = libtinyxml.a; path = DerivedData/demosSandbox/Build/Products/Release/libtinyxml.a; sourceTree = "<group>"; };
		FFF06E3A173D60A8005F31CE /* libwxWidgets.a */ = {isa = PBXFileReference; lastKnownFileType = archive.ar; name = libwxWidgets.a; path = DerivedData/demosSandbox/Build/Products/Release/libwxWidgets.a; sourceTree = "<group>"; };
		FFF18508131314CD0077CF7A /* newtonDemos_d */ = {isa = PBXFileReference; explicitFileType = "compiled.mach-o.executable"; includeInIndex = 0; name = newtonDemos_d; path = newtonDemos; sourceTree = BUILT_PRODUCTS_DIR; };
		FFF60F2D1556D9F100E7B112 /* DemoAIAgent.cpp */ = {isa = PBXFileReference; fileEncoding = 4; lastKnownFileType = sourcecode.cpp.cpp; name = DemoAIAgent.cpp; path = ../../../sdkDemos/DemoAIAgent.cpp; sourceTree = SOURCE_ROOT; };
		FFF60F2E1556D9F100E7B112 /* DemoAIAgent.h */ = {isa = PBXFileReference; fileEncoding = 4; lastKnownFileType = sourcecode.c.h; name = DemoAIAgent.h; path = ../../../sdkDemos/DemoAIAgent.h; sourceTree = SOURCE_ROOT; };
		FFF60F2F1556D9F100E7B112 /* DemoAIListener.cpp */ = {isa = PBXFileReference; fileEncoding = 4; lastKnownFileType = sourcecode.cpp.cpp; name = DemoAIListener.cpp; path = ../../../sdkDemos/DemoAIListener.cpp; sourceTree = SOURCE_ROOT; };
		FFF60F301556D9F100E7B112 /* DemoAIListener.h */ = {isa = PBXFileReference; fileEncoding = 4; lastKnownFileType = sourcecode.c.h; name = DemoAIListener.h; path = ../../../sdkDemos/DemoAIListener.h; sourceTree = SOURCE_ROOT; };
		FFF60F311556D9F100E7B112 /* DemoCamera.cpp */ = {isa = PBXFileReference; fileEncoding = 4; lastKnownFileType = sourcecode.cpp.cpp; name = DemoCamera.cpp; path = ../../../sdkDemos/DemoCamera.cpp; sourceTree = SOURCE_ROOT; };
		FFF60F321556D9F100E7B112 /* DemoCamera.h */ = {isa = PBXFileReference; fileEncoding = 4; lastKnownFileType = sourcecode.c.h; name = DemoCamera.h; path = ../../../sdkDemos/DemoCamera.h; sourceTree = SOURCE_ROOT; };
		FFF60F331556D9F100E7B112 /* DemoEntity.cpp */ = {isa = PBXFileReference; fileEncoding = 4; lastKnownFileType = sourcecode.cpp.cpp; name = DemoEntity.cpp; path = ../../../sdkDemos/DemoEntity.cpp; sourceTree = SOURCE_ROOT; };
		FFF60F341556D9F100E7B112 /* DemoEntity.h */ = {isa = PBXFileReference; fileEncoding = 4; lastKnownFileType = sourcecode.c.h; name = DemoEntity.h; path = ../../../sdkDemos/DemoEntity.h; sourceTree = SOURCE_ROOT; };
		FFF60F351556D9F100E7B112 /* DemoEntityListener.cpp */ = {isa = PBXFileReference; fileEncoding = 4; lastKnownFileType = sourcecode.cpp.cpp; name = DemoEntityListener.cpp; path = ../../../sdkDemos/DemoEntityListener.cpp; sourceTree = SOURCE_ROOT; };
		FFF60F361556D9F100E7B112 /* DemoEntityListener.h */ = {isa = PBXFileReference; fileEncoding = 4; lastKnownFileType = sourcecode.c.h; name = DemoEntityListener.h; path = ../../../sdkDemos/DemoEntityListener.h; sourceTree = SOURCE_ROOT; };
		FFF60F371556D9F100E7B112 /* DemoEntityManager.cpp */ = {isa = PBXFileReference; fileEncoding = 4; lastKnownFileType = sourcecode.cpp.cpp; name = DemoEntityManager.cpp; path = ../../../sdkDemos/DemoEntityManager.cpp; sourceTree = SOURCE_ROOT; };
		FFF60F381556D9F100E7B112 /* DemoEntityManager.h */ = {isa = PBXFileReference; fileEncoding = 4; lastKnownFileType = sourcecode.c.h; name = DemoEntityManager.h; path = ../../../sdkDemos/DemoEntityManager.h; sourceTree = SOURCE_ROOT; };
		FFF60F3D1556D9F100E7B112 /* DemoMesh.cpp */ = {isa = PBXFileReference; fileEncoding = 4; lastKnownFileType = sourcecode.cpp.cpp; name = DemoMesh.cpp; path = ../../../sdkDemos/DemoMesh.cpp; sourceTree = SOURCE_ROOT; };
		FFF60F3E1556D9F100E7B112 /* DemoMesh.h */ = {isa = PBXFileReference; fileEncoding = 4; lastKnownFileType = sourcecode.c.h; name = DemoMesh.h; path = ../../../sdkDemos/DemoMesh.h; sourceTree = SOURCE_ROOT; };
		FFF60F3F1556D9F100E7B112 /* DemoSoundListener.cpp */ = {isa = PBXFileReference; fileEncoding = 4; lastKnownFileType = sourcecode.cpp.cpp; name = DemoSoundListener.cpp; path = ../../../sdkDemos/DemoSoundListener.cpp; sourceTree = SOURCE_ROOT; };
		FFF60F401556D9F100E7B112 /* DemoSoundListener.h */ = {isa = PBXFileReference; fileEncoding = 4; lastKnownFileType = sourcecode.c.h; name = DemoSoundListener.h; path = ../../../sdkDemos/DemoSoundListener.h; sourceTree = SOURCE_ROOT; };
		FFF60F411556D9F100E7B112 /* DemoVisualDebugerListener.cpp */ = {isa = PBXFileReference; fileEncoding = 4; lastKnownFileType = sourcecode.cpp.cpp; name = DemoVisualDebugerListener.cpp; path = ../../../sdkDemos/DemoVisualDebugerListener.cpp; sourceTree = SOURCE_ROOT; };
		FFF60F421556D9F100E7B112 /* DemoVisualDebugerListener.h */ = {isa = PBXFileReference; fileEncoding = 4; lastKnownFileType = sourcecode.c.h; name = DemoVisualDebugerListener.h; path = ../../../sdkDemos/DemoVisualDebugerListener.h; sourceTree = SOURCE_ROOT; };
		FFF60F441556D9F100E7B112 /* NewtonDemos.cpp */ = {isa = PBXFileReference; fileEncoding = 4; lastKnownFileType = sourcecode.cpp.cpp; name = NewtonDemos.cpp; path = ../../../sdkDemos/NewtonDemos.cpp; sourceTree = SOURCE_ROOT; };
		FFF60F451556D9F100E7B112 /* NewtonDemos.h */ = {isa = PBXFileReference; fileEncoding = 4; lastKnownFileType = sourcecode.c.h; name = NewtonDemos.h; path = ../../../sdkDemos/NewtonDemos.h; sourceTree = SOURCE_ROOT; };
		FFF60F531556DA2300E7B112 /* BasicCar.cpp */ = {isa = PBXFileReference; fileEncoding = 4; lastKnownFileType = sourcecode.cpp.cpp; name = BasicCar.cpp; path = ../../../sdkDemos/demos/BasicCar.cpp; sourceTree = SOURCE_ROOT; };
		FFF60F551556DA2300E7B112 /* BasicFriction.cpp */ = {isa = PBXFileReference; fileEncoding = 4; lastKnownFileType = sourcecode.cpp.cpp; name = BasicFriction.cpp; path = ../../../sdkDemos/demos/BasicFriction.cpp; sourceTree = SOURCE_ROOT; };
		FFF60F571556DA2300E7B112 /* BasicRestitution.cpp */ = {isa = PBXFileReference; fileEncoding = 4; lastKnownFileType = sourcecode.cpp.cpp; name = BasicRestitution.cpp; path = ../../../sdkDemos/demos/BasicRestitution.cpp; sourceTree = SOURCE_ROOT; };
		FFF60F5A1556DA2300E7B112 /* BasicStacking.cpp */ = {isa = PBXFileReference; fileEncoding = 4; lastKnownFileType = sourcecode.cpp.cpp; name = BasicStacking.cpp; path = ../../../sdkDemos/demos/BasicStacking.cpp; sourceTree = SOURCE_ROOT; };
		FFF60F5D1556DA2300E7B112 /* ClosestDistance.cpp */ = {isa = PBXFileReference; fileEncoding = 4; lastKnownFileType = sourcecode.cpp.cpp; name = ClosestDistance.cpp; path = ../../../sdkDemos/demos/ClosestDistance.cpp; sourceTree = SOURCE_ROOT; };
		FFF60F5E1556DA2300E7B112 /* CompoundCollision.cpp */ = {isa = PBXFileReference; fileEncoding = 4; lastKnownFileType = sourcecode.cpp.cpp; name = CompoundCollision.cpp; path = ../../../sdkDemos/demos/CompoundCollision.cpp; sourceTree = SOURCE_ROOT; };
		FFF60F5F1556DA2300E7B112 /* ContinueCollision.cpp */ = {isa = PBXFileReference; fileEncoding = 4; lastKnownFileType = sourcecode.cpp.cpp; name = ContinueCollision.cpp; path = ../../../sdkDemos/demos/ContinueCollision.cpp; sourceTree = SOURCE_ROOT; };
		FFF60F601556DA2300E7B112 /* ConvexApproximation.cpp */ = {isa = PBXFileReference; fileEncoding = 4; lastKnownFileType = sourcecode.cpp.cpp; name = ConvexApproximation.cpp; path = ../../../sdkDemos/demos/ConvexApproximation.cpp; sourceTree = SOURCE_ROOT; };
		FFF60F611556DA2300E7B112 /* ConvexCast.cpp */ = {isa = PBXFileReference; fileEncoding = 4; lastKnownFileType = sourcecode.cpp.cpp; name = ConvexCast.cpp; path = ../../../sdkDemos/demos/ConvexCast.cpp; sourceTree = SOURCE_ROOT; };
		FFF60F621556DA2300E7B112 /* HeavyVehicles.cpp */ = {isa = PBXFileReference; fileEncoding = 4; lastKnownFileType = sourcecode.cpp.cpp; name = HeavyVehicles.cpp; path = ../../../sdkDemos/demos/HeavyVehicles.cpp; sourceTree = SOURCE_ROOT; };
		FFF60F631556DA2300E7B112 /* HeighFieldCollision.cpp */ = {isa = PBXFileReference; fileEncoding = 4; lastKnownFileType = sourcecode.cpp.cpp; name = HeighFieldCollision.cpp; path = ../../../sdkDemos/demos/HeighFieldCollision.cpp; sourceTree = SOURCE_ROOT; };
		FFF60F661556DA2300E7B112 /* MeshCollision.cpp */ = {isa = PBXFileReference; fileEncoding = 4; lastKnownFileType = sourcecode.cpp.cpp; name = MeshCollision.cpp; path = ../../../sdkDemos/demos/MeshCollision.cpp; sourceTree = SOURCE_ROOT; };
		FFF60F681556DA2300E7B112 /* MultiRayCasting.cpp */ = {isa = PBXFileReference; fileEncoding = 4; lastKnownFileType = sourcecode.cpp.cpp; name = MultiRayCasting.cpp; path = ../../../sdkDemos/demos/MultiRayCasting.cpp; sourceTree = SOURCE_ROOT; };
		FFF60F691556DA2300E7B112 /* PrecessingTops.cpp */ = {isa = PBXFileReference; fileEncoding = 4; lastKnownFileType = sourcecode.cpp.cpp; name = PrecessingTops.cpp; path = ../../../sdkDemos/demos/PrecessingTops.cpp; sourceTree = SOURCE_ROOT; };
		FFF60F6B1556DA2300E7B112 /* PrimitiveCollision.cpp */ = {isa = PBXFileReference; fileEncoding = 4; lastKnownFileType = sourcecode.cpp.cpp; name = PrimitiveCollision.cpp; path = ../../../sdkDemos/demos/PrimitiveCollision.cpp; sourceTree = SOURCE_ROOT; };
		FFF60F6E1556DA2300E7B112 /* ScaledCollision.cpp */ = {isa = PBXFileReference; fileEncoding = 4; lastKnownFileType = sourcecode.cpp.cpp; name = ScaledCollision.cpp; path = ../../../sdkDemos/demos/ScaledCollision.cpp; sourceTree = SOURCE_ROOT; };
		FFF60F6F1556DA2300E7B112 /* SceneCollision.cpp */ = {isa = PBXFileReference; fileEncoding = 4; lastKnownFileType = sourcecode.cpp.cpp; name = SceneCollision.cpp; path = ../../../sdkDemos/demos/SceneCollision.cpp; sourceTree = SOURCE_ROOT; };
		FFF60F701556DA2300E7B112 /* SimpleConvexShatter.cpp */ = {isa = PBXFileReference; fileEncoding = 4; lastKnownFileType = sourcecode.cpp.cpp; name = SimpleConvexShatter.cpp; path = ../../../sdkDemos/demos/SimpleConvexShatter.cpp; sourceTree = SOURCE_ROOT; };
		FFF60F711556DA2300E7B112 /* SoftBodies.cpp */ = {isa = PBXFileReference; fileEncoding = 4; lastKnownFileType = sourcecode.cpp.cpp; name = SoftBodies.cpp; path = ../../../sdkDemos/demos/SoftBodies.cpp; sourceTree = SOURCE_ROOT; };
		FFF60F731556DA2300E7B112 /* SuperCar.cpp */ = {isa = PBXFileReference; fileEncoding = 4; lastKnownFileType = sourcecode.cpp.cpp; name = SuperCar.cpp; path = ../../../sdkDemos/demos/SuperCar.cpp; sourceTree = SOURCE_ROOT; };
		FFF60F771556DA2300E7B112 /* UsingNewtonMeshTool.cpp */ = {isa = PBXFileReference; fileEncoding = 4; lastKnownFileType = sourcecode.cpp.cpp; name = UsingNewtonMeshTool.cpp; path = ../../../sdkDemos/demos/UsingNewtonMeshTool.cpp; sourceTree = SOURCE_ROOT; };
		FFF60FA01556DBB400E7B112 /* DebugDisplay.cpp */ = {isa = PBXFileReference; fileEncoding = 4; lastKnownFileType = sourcecode.cpp.cpp; name = DebugDisplay.cpp; path = ../../../sdkDemos/toolBox/DebugDisplay.cpp; sourceTree = SOURCE_ROOT; };
		FFF60FA11556DBB400E7B112 /* DebugDisplay.h */ = {isa = PBXFileReference; fileEncoding = 4; lastKnownFileType = sourcecode.c.h; name = DebugDisplay.h; path = ../../../sdkDemos/toolBox/DebugDisplay.h; sourceTree = SOURCE_ROOT; };
		FFF60FA21556DBB400E7B112 /* dHighResolutionTimer.cpp */ = {isa = PBXFileReference; fileEncoding = 4; lastKnownFileType = sourcecode.cpp.cpp; name = dHighResolutionTimer.cpp; path = ../../../sdkDemos/toolBox/dHighResolutionTimer.cpp; sourceTree = SOURCE_ROOT; };
		FFF60FA31556DBB400E7B112 /* dHighResolutionTimer.h */ = {isa = PBXFileReference; fileEncoding = 4; lastKnownFileType = sourcecode.c.h; name = dHighResolutionTimer.h; path = ../../../sdkDemos/toolBox/dHighResolutionTimer.h; sourceTree = SOURCE_ROOT; };
		FFF60FA41556DBB400E7B112 /* dRuntimeProfiler.cpp */ = {isa = PBXFileReference; fileEncoding = 4; lastKnownFileType = sourcecode.cpp.cpp; name = dRuntimeProfiler.cpp; path = ../../../sdkDemos/toolBox/dRuntimeProfiler.cpp; sourceTree = SOURCE_ROOT; };
		FFF60FA51556DBB400E7B112 /* dRuntimeProfiler.h */ = {isa = PBXFileReference; fileEncoding = 4; lastKnownFileType = sourcecode.c.h; name = dRuntimeProfiler.h; path = ../../../sdkDemos/toolBox/dRuntimeProfiler.h; sourceTree = SOURCE_ROOT; };
		FFF60FA61556DBB400E7B112 /* dSoundManager.cpp */ = {isa = PBXFileReference; fileEncoding = 4; lastKnownFileType = sourcecode.cpp.cpp; name = dSoundManager.cpp; path = ../../../sdkDemos/toolBox/dSoundManager.cpp; sourceTree = SOURCE_ROOT; };
		FFF60FA71556DBB400E7B112 /* dSoundManager.h */ = {isa = PBXFileReference; fileEncoding = 4; lastKnownFileType = sourcecode.c.h; name = dSoundManager.h; path = ../../../sdkDemos/toolBox/dSoundManager.h; sourceTree = SOURCE_ROOT; };
		FFF60FA81556DBB400E7B112 /* HeightFieldPrimitive.cpp */ = {isa = PBXFileReference; fileEncoding = 4; lastKnownFileType = sourcecode.cpp.cpp; name = HeightFieldPrimitive.cpp; path = ../../../sdkDemos/toolBox/HeightFieldPrimitive.cpp; sourceTree = SOURCE_ROOT; };
		FFF60FA91556DBB400E7B112 /* HeightFieldPrimitive.h */ = {isa = PBXFileReference; fileEncoding = 4; lastKnownFileType = sourcecode.c.h; name = HeightFieldPrimitive.h; path = ../../../sdkDemos/toolBox/HeightFieldPrimitive.h; sourceTree = SOURCE_ROOT; };
		FFF60FAC1556DBB400E7B112 /* MousePick.cpp */ = {isa = PBXFileReference; fileEncoding = 4; lastKnownFileType = sourcecode.cpp.cpp; name = MousePick.cpp; path = ../../../sdkDemos/toolBox/MousePick.cpp; sourceTree = SOURCE_ROOT; };
		FFF60FAD1556DBB400E7B112 /* MousePick.h */ = {isa = PBXFileReference; fileEncoding = 4; lastKnownFileType = sourcecode.c.h; name = MousePick.h; path = ../../../sdkDemos/toolBox/MousePick.h; sourceTree = SOURCE_ROOT; };
		FFF60FAE1556DBB400E7B112 /* OpenGlUtil.cpp */ = {isa = PBXFileReference; fileEncoding = 4; lastKnownFileType = sourcecode.cpp.cpp; name = OpenGlUtil.cpp; path = ../../../sdkDemos/toolBox/OpenGlUtil.cpp; sourceTree = SOURCE_ROOT; };
		FFF60FAF1556DBB400E7B112 /* OpenGlUtil.h */ = {isa = PBXFileReference; fileEncoding = 4; lastKnownFileType = sourcecode.c.h; name = OpenGlUtil.h; path = ../../../sdkDemos/toolBox/OpenGlUtil.h; sourceTree = SOURCE_ROOT; };
		FFF60FB01556DBB400E7B112 /* PhysicsUtils.cpp */ = {isa = PBXFileReference; fileEncoding = 4; lastKnownFileType = sourcecode.cpp.cpp; name = PhysicsUtils.cpp; path = ../../../sdkDemos/toolBox/PhysicsUtils.cpp; sourceTree = SOURCE_ROOT; };
		FFF60FB11556DBB400E7B112 /* PhysicsUtils.h */ = {isa = PBXFileReference; fileEncoding = 4; lastKnownFileType = sourcecode.c.h; name = PhysicsUtils.h; path = ../../../sdkDemos/toolBox/PhysicsUtils.h; sourceTree = SOURCE_ROOT; };
		FFF60FB61556DBB400E7B112 /* SkyBox.cpp */ = {isa = PBXFileReference; fileEncoding = 4; lastKnownFileType = sourcecode.cpp.cpp; name = SkyBox.cpp; path = ../../../sdkDemos/toolBox/SkyBox.cpp; sourceTree = SOURCE_ROOT; };
		FFF60FB71556DBB400E7B112 /* SkyBox.h */ = {isa = PBXFileReference; fileEncoding = 4; lastKnownFileType = sourcecode.c.h; name = SkyBox.h; path = ../../../sdkDemos/toolBox/SkyBox.h; sourceTree = SOURCE_ROOT; };
		FFF60FB81556DBB400E7B112 /* TargaToOpenGl.cpp */ = {isa = PBXFileReference; fileEncoding = 4; lastKnownFileType = sourcecode.cpp.cpp; name = TargaToOpenGl.cpp; path = ../../../sdkDemos/toolBox/TargaToOpenGl.cpp; sourceTree = SOURCE_ROOT; };
		FFF60FB91556DBB400E7B112 /* TargaToOpenGl.h */ = {isa = PBXFileReference; fileEncoding = 4; lastKnownFileType = sourcecode.c.h; name = TargaToOpenGl.h; path = ../../../sdkDemos/toolBox/TargaToOpenGl.h; sourceTree = SOURCE_ROOT; };
		FFF60FBA1556DBB400E7B112 /* toolbox_stdafx.cpp */ = {isa = PBXFileReference; fileEncoding = 4; lastKnownFileType = sourcecode.cpp.cpp; name = toolbox_stdafx.cpp; path = ../../../sdkDemos/toolBox/toolbox_stdafx.cpp; sourceTree = SOURCE_ROOT; };
		FFF60FBB1556DBB400E7B112 /* toolbox_stdafx.h */ = {isa = PBXFileReference; fileEncoding = 4; lastKnownFileType = sourcecode.c.h; name = toolbox_stdafx.h; path = ../../../sdkDemos/toolBox/toolbox_stdafx.h; sourceTree = SOURCE_ROOT; };
/* End PBXFileReference section */

/* Begin PBXFrameworksBuildPhase section */
		8DD76F660486A84900D96B5E /* Frameworks */ = {
			isa = PBXFrameworksBuildPhase;
			buildActionMask = 2147483647;
			files = (
				FF8F28B2131367150019E923 /* OpenGL.framework in Frameworks */,
				09AD1AB4131433160054D1B6 /* CoreFoundation.framework in Frameworks */,
				FFD27493172E04FD00114513 /* OpenAL.framework in Frameworks */,
				FFF06E3B173D60A8005F31CE /* libdContainers.a in Frameworks */,
				FFF06E3C173D60A8005F31CE /* libdCustomJoints.a in Frameworks */,
				FFF06E3D173D60A8005F31CE /* libdMath.a in Frameworks */,
				FFF06E3E173D60A8005F31CE /* libdScene.a in Frameworks */,
				FFF06E3F173D60A8005F31CE /* libdVisualDebuggerServer.a in Frameworks */,
				FFF06E40173D60A8005F31CE /* libenet.a in Frameworks */,
				FFF06E41173D60A8005F31CE /* libglew.a in Frameworks */,
				FFF06E42173D60A8005F31CE /* libnewton.a in Frameworks */,
				FFF06E43173D60A8005F31CE /* libtinyxml.a in Frameworks */,
				FFF06E44173D60A8005F31CE /* libwxWidgets.a in Frameworks */,
			);
			runOnlyForDeploymentPostprocessing = 0;
		};
/* End PBXFrameworksBuildPhase section */

/* Begin PBXGroup section */
		08FB7794FE84155DC02AAC07 /* newtonDemo */ = {
			isa = PBXGroup;
			children = (
				FFF184A113130A6F0077CF7A /* source */,
				FF9936311735F863000533B7 /* libraries */,
				FF8C27F71313DB5500646B90 /* frameworks */,
				FF8C27F31313DB2700646B90 /* dependencies */,
				C6859E8C029090F304C91782 /* Documentation */,
				1AB674ADFE9D54B511CA2CBB /* Products */,
			);
			name = newtonDemo;
			sourceTree = "<group>";
		};
		1AB674ADFE9D54B511CA2CBB /* Products */ = {
			isa = PBXGroup;
			children = (
				FFF18508131314CD0077CF7A /* newtonDemos_d */,
			);
			name = Products;
			sourceTree = "<group>";
		};
		C6859E8C029090F304C91782 /* Documentation */ = {
			isa = PBXGroup;
			children = (
			);
			name = Documentation;
			sourceTree = "<group>";
		};
		FF8C27F31313DB2700646B90 /* dependencies */ = {
			isa = PBXGroup;
			children = (
				FF9936141735F69D000533B7 /* newton.xcodeproj */,
				FF8C2CFF1313DC7F00646B90 /* dScene.xcodeproj */,
				FFD2A799172E126900114513 /* dCustomJoints.xcodeproj */,
				FF8C2CF41313DC6A00646B90 /* dContainers.xcodeproj */,
				FF8C2CE91313DC3700646B90 /* dMath.xcodeproj */,
				FFD2A77A172E0A1200114513 /* dVisualDebuggerServer.xcodeproj */,
				FF8402EB17353606008E038A /* wxcocoaStatic.xcodeproj */,
				FF0A5030173163D5005D6C12 /* glew-osx.xcodeproj */,
				FF7F20861730187900AC6E4B /* enet_osx.xcodeproj */,
				FF8C2D0A1313DC9500646B90 /* tinyxml.xcodeproj */,
			);
			name = dependencies;
			sourceTree = "<group>";
		};
		FF8C27F71313DB5500646B90 /* frameworks */ = {
			isa = PBXGroup;
			children = (
				09AD1AB3131433160054D1B6 /* CoreFoundation.framework */,
				FFD27492172E04FD00114513 /* OpenAL.framework */,
				FF8F28B1131367150019E923 /* OpenGL.framework */,
			);
			name = frameworks;
			sourceTree = "<group>";
		};
		FF8F28D4131368B90019E923 /* demos */ = {
			isa = PBXGroup;
			children = (
				FF3B297817300D39007E6FEC /* PostCompoundCreateBuildTest.cpp */,
				FF3B297917300D39007E6FEC /* PuckSlide.cpp */,
				FF3B297A17300D39007E6FEC /* SimpleBooleans.cpp */,
				FF3B297017300C79007E6FEC /* UserStaticCollision.cpp */,
				FF3B296E17300BD6007E6FEC /* KinematicBodies.cpp */,
				FFD27431172DA05A00114513 /* AdvancedPlayerController.cpp */,
				FFD27432172DA05A00114513 /* BasicPlayerController.cpp */,
				FFF60F531556DA2300E7B112 /* BasicCar.cpp */,
				FFF60F551556DA2300E7B112 /* BasicFriction.cpp */,
				FFF60F571556DA2300E7B112 /* BasicRestitution.cpp */,
				FFF60F5A1556DA2300E7B112 /* BasicStacking.cpp */,
				FFF60F5D1556DA2300E7B112 /* ClosestDistance.cpp */,
				FFF60F5E1556DA2300E7B112 /* CompoundCollision.cpp */,
				FFF60F5F1556DA2300E7B112 /* ContinueCollision.cpp */,
				FFF60F601556DA2300E7B112 /* ConvexApproximation.cpp */,
				FFF60F611556DA2300E7B112 /* ConvexCast.cpp */,
				FFF60F621556DA2300E7B112 /* HeavyVehicles.cpp */,
				FFF60F631556DA2300E7B112 /* HeighFieldCollision.cpp */,
				FFF60F661556DA2300E7B112 /* MeshCollision.cpp */,
				FFF60F681556DA2300E7B112 /* MultiRayCasting.cpp */,
				FFF60F691556DA2300E7B112 /* PrecessingTops.cpp */,
				FFF60F6B1556DA2300E7B112 /* PrimitiveCollision.cpp */,
				FFF60F6E1556DA2300E7B112 /* ScaledCollision.cpp */,
				FFF60F6F1556DA2300E7B112 /* SceneCollision.cpp */,
				FFF60F701556DA2300E7B112 /* SimpleConvexShatter.cpp */,
				FFF60F711556DA2300E7B112 /* SoftBodies.cpp */,
				FFF60F731556DA2300E7B112 /* SuperCar.cpp */,
				FFF60F771556DA2300E7B112 /* UsingNewtonMeshTool.cpp */,
			);
			name = demos;
			sourceTree = "<group>";
		};
		FF9931B51316828C00D1C65B /* main */ = {
			isa = PBXGroup;
			children = (
				FFD27435172DA06D00114513 /* DemoCameraListener.cpp */,
				FFD2742D172DA02000114513 /* DemoCameraListener.h */,
				FFD2742E172DA02000114513 /* DemoListenerBase.cpp */,
				FFD2742F172DA02000114513 /* DemoListenerBase.h */,
				FFF60F2D1556D9F100E7B112 /* DemoAIAgent.cpp */,
				FFF60F2E1556D9F100E7B112 /* DemoAIAgent.h */,
				FFF60F2F1556D9F100E7B112 /* DemoAIListener.cpp */,
				FFF60F301556D9F100E7B112 /* DemoAIListener.h */,
				FFF60F311556D9F100E7B112 /* DemoCamera.cpp */,
				FFF60F321556D9F100E7B112 /* DemoCamera.h */,
				FFF60F331556D9F100E7B112 /* DemoEntity.cpp */,
				FFF60F341556D9F100E7B112 /* DemoEntity.h */,
				FFF60F351556D9F100E7B112 /* DemoEntityListener.cpp */,
				FFF60F361556D9F100E7B112 /* DemoEntityListener.h */,
				FFF60F371556D9F100E7B112 /* DemoEntityManager.cpp */,
				FFF60F381556D9F100E7B112 /* DemoEntityManager.h */,
				FFF60F3D1556D9F100E7B112 /* DemoMesh.cpp */,
				FFF60F3E1556D9F100E7B112 /* DemoMesh.h */,
				FFF60F3F1556D9F100E7B112 /* DemoSoundListener.cpp */,
				FFF60F401556D9F100E7B112 /* DemoSoundListener.h */,
				FFF60F411556D9F100E7B112 /* DemoVisualDebugerListener.cpp */,
				FFF60F421556D9F100E7B112 /* DemoVisualDebugerListener.h */,
				FFF60F441556D9F100E7B112 /* NewtonDemos.cpp */,
				FFF60F451556D9F100E7B112 /* NewtonDemos.h */,
			);
			name = main;
			sourceTree = "<group>";
		};
		FF9936151735F69D000533B7 /* Products */ = {
			isa = PBXGroup;
			children = (
				FF99361C1735F69E000533B7 /* libnewton_d.a */,
			);
			name = Products;
			sourceTree = "<group>";
		};
		FF9936311735F863000533B7 /* libraries */ = {
			isa = PBXGroup;
			children = (
				FFF06E31173D60A8005F31CE /* libdContainers.a */,
				FFF06E32173D60A8005F31CE /* libdCustomJoints.a */,
				FFF06E33173D60A8005F31CE /* libdMath.a */,
				FFF06E34173D60A8005F31CE /* libdScene.a */,
				FFF06E35173D60A8005F31CE /* libdVisualDebuggerServer.a */,
				FFF06E36173D60A8005F31CE /* libenet.a */,
				FFF06E37173D60A8005F31CE /* libglew.a */,
				FFF06E38173D60A8005F31CE /* libnewton.a */,
				FFF06E39173D60A8005F31CE /* libtinyxml.a */,
				FFF06E3A173D60A8005F31CE /* libwxWidgets.a */,
			);
			name = libraries;
			sourceTree = "<group>";
		};
		FF99367C1735F8AF000533B7 /* Products */ = {
			isa = PBXGroup;
			children = (
				FF9936801735F8AF000533B7 /* libenet_osx_d.a */,
			);
			name = Products;
			sourceTree = "<group>";
		};
		FF9936811735F8AF000533B7 /* Products */ = {
			isa = PBXGroup;
			children = (
				FF9936851735F8AF000533B7 /* libdScene_d.a */,
			);
			name = Products;
			sourceTree = "<group>";
		};
		FF9936861735F8AF000533B7 /* Products */ = {
			isa = PBXGroup;
			children = (
				FF99368A1735F8AF000533B7 /* libdMath_d.a */,
			);
			name = Products;
			sourceTree = "<group>";
		};
		FF99368B1735F8AF000533B7 /* Products */ = {
			isa = PBXGroup;
			children = (
				FF99368F1735F8AF000533B7 /* libdVisualDebuggerServer_d.a */,
			);
			name = Products;
			sourceTree = "<group>";
		};
		FF9936901735F8AF000533B7 /* Products */ = {
			isa = PBXGroup;
			children = (
				FF9936941735F8AF000533B7 /* libtinyxml_d.a */,
			);
			name = Products;
			sourceTree = "<group>";
		};
		FF9936951735F8AF000533B7 /* Products */ = {
			isa = PBXGroup;
			children = (
				FF9936991735F8AF000533B7 /* libdCustomJoints_d.a */,
			);
			name = Products;
			sourceTree = "<group>";
		};
		FF99369A1735F8B0000533B7 /* Products */ = {
			isa = PBXGroup;
			children = (
				FF99369E1735F8B0000533B7 /* libwx_osx_cocoa_d.a */,
			);
			name = Products;
			sourceTree = "<group>";
		};
		FF99369F1735F8B0000533B7 /* Products */ = {
			isa = PBXGroup;
			children = (
				FF9936A31735F8B0000533B7 /* libdContainers_d.a */,
			);
			name = Products;
			sourceTree = "<group>";
		};
		FF9936A41735F8B0000533B7 /* Products */ = {
			isa = PBXGroup;
			children = (
				FF9936A81735F8B0000533B7 /* libglew-osx_d.a */,
			);
			name = Products;
			sourceTree = "<group>";
		};
		FFF184A113130A6F0077CF7A /* source */ = {
			isa = PBXGroup;
			children = (
				FF9931B51316828C00D1C65B /* main */,
				FF8F28D4131368B90019E923 /* demos */,
				FFF184B61313103C0077CF7A /* toolBox */,
			);
			name = source;
			sourceTree = "<group>";
		};
		FFF184B61313103C0077CF7A /* toolBox */ = {
			isa = PBXGroup;
			children = (
				FF3B297217300CF0007E6FEC /* UserHeightFieldCollision.cpp */,
				FF3B297317300CF0007E6FEC /* UserHeightFieldCollision.h */,
				FF3B297417300CF0007E6FEC /* UserPlaneCollision.cpp */,
				FF3B297517300CF0007E6FEC /* UserPlaneCollision.h */,
				FFF60FA01556DBB400E7B112 /* DebugDisplay.cpp */,
				FFF60FA11556DBB400E7B112 /* DebugDisplay.h */,
				FFF60FA21556DBB400E7B112 /* dHighResolutionTimer.cpp */,
				FFF60FA31556DBB400E7B112 /* dHighResolutionTimer.h */,
				FFF60FA41556DBB400E7B112 /* dRuntimeProfiler.cpp */,
				FFF60FA51556DBB400E7B112 /* dRuntimeProfiler.h */,
				FFF60FA61556DBB400E7B112 /* dSoundManager.cpp */,
				FFF60FA71556DBB400E7B112 /* dSoundManager.h */,
				FFF60FA81556DBB400E7B112 /* HeightFieldPrimitive.cpp */,
				FFF60FA91556DBB400E7B112 /* HeightFieldPrimitive.h */,
				FFF60FAC1556DBB400E7B112 /* MousePick.cpp */,
				FFF60FAD1556DBB400E7B112 /* MousePick.h */,
				FFF60FAE1556DBB400E7B112 /* OpenGlUtil.cpp */,
				FFF60FAF1556DBB400E7B112 /* OpenGlUtil.h */,
				FFF60FB01556DBB400E7B112 /* PhysicsUtils.cpp */,
				FFF60FB11556DBB400E7B112 /* PhysicsUtils.h */,
				FFF60FB61556DBB400E7B112 /* SkyBox.cpp */,
				FFF60FB71556DBB400E7B112 /* SkyBox.h */,
				FFF60FB81556DBB400E7B112 /* TargaToOpenGl.cpp */,
				FFF60FB91556DBB400E7B112 /* TargaToOpenGl.h */,
				FFF60FBA1556DBB400E7B112 /* toolbox_stdafx.cpp */,
				FFF60FBB1556DBB400E7B112 /* toolbox_stdafx.h */,
			);
			name = toolBox;
			sourceTree = "<group>";
		};
/* End PBXGroup section */

/* Begin PBXNativeTarget section */
		8DD76F620486A84900D96B5E /* demosSandbox */ = {
			isa = PBXNativeTarget;
			buildConfigurationList = 1DEB923108733DC60010E9CD /* Build configuration list for PBXNativeTarget "demosSandbox" */;
			buildPhases = (
				8DD76F640486A84900D96B5E /* Sources */,
				8DD76F660486A84900D96B5E /* Frameworks */,
				8DD76F690486A84900D96B5E /* CopyFiles */,
			);
			buildRules = (
			);
			dependencies = (
				FF9936AA1735F911000533B7 /* PBXTargetDependency */,
				FF9936AC1735F911000533B7 /* PBXTargetDependency */,
				FF9936AE1735F911000533B7 /* PBXTargetDependency */,
				FF9936B01735F911000533B7 /* PBXTargetDependency */,
				FF9936B21735F911000533B7 /* PBXTargetDependency */,
				FF9936B41735F911000533B7 /* PBXTargetDependency */,
				FF9936B61735F911000533B7 /* PBXTargetDependency */,
				FF9936B81735F911000533B7 /* PBXTargetDependency */,
				FF9936BA1735F911000533B7 /* PBXTargetDependency */,
				FF99362A1735F6C4000533B7 /* PBXTargetDependency */,
			);
			name = demosSandbox;
			productInstallPath = "$(HOME)/bin";
			productName = newtonDemo;
			productReference = FFF18508131314CD0077CF7A /* newtonDemos_d */;
			productType = "com.apple.product-type.tool";
		};
/* End PBXNativeTarget section */

/* Begin PBXProject section */
		08FB7793FE84155DC02AAC07 /* Project object */ = {
			isa = PBXProject;
			attributes = {
				LastUpgradeCheck = 0450;
			};
			buildConfigurationList = 1DEB923508733DC60010E9CD /* Build configuration list for PBXProject "demosSandbox" */;
			compatibilityVersion = "Xcode 3.2";
			developmentRegion = English;
			hasScannedForEncodings = 1;
			knownRegions = (
				English,
				Japanese,
				French,
				German,
			);
			mainGroup = 08FB7794FE84155DC02AAC07 /* newtonDemo */;
			projectDirPath = "";
			projectReferences = (
				{
					ProductGroup = FF99369F1735F8B0000533B7 /* Products */;
					ProjectRef = FF8C2CF41313DC6A00646B90 /* dContainers.xcodeproj */;
				},
				{
					ProductGroup = FF9936951735F8AF000533B7 /* Products */;
					ProjectRef = FFD2A799172E126900114513 /* dCustomJoints.xcodeproj */;
				},
				{
					ProductGroup = FF9936861735F8AF000533B7 /* Products */;
					ProjectRef = FF8C2CE91313DC3700646B90 /* dMath.xcodeproj */;
				},
				{
					ProductGroup = FF9936811735F8AF000533B7 /* Products */;
					ProjectRef = FF8C2CFF1313DC7F00646B90 /* dScene.xcodeproj */;
				},
				{
					ProductGroup = FF99368B1735F8AF000533B7 /* Products */;
					ProjectRef = FFD2A77A172E0A1200114513 /* dVisualDebuggerServer.xcodeproj */;
				},
				{
					ProductGroup = FF99367C1735F8AF000533B7 /* Products */;
					ProjectRef = FF7F20861730187900AC6E4B /* enet_osx.xcodeproj */;
				},
				{
					ProductGroup = FF9936A41735F8B0000533B7 /* Products */;
					ProjectRef = FF0A5030173163D5005D6C12 /* glew-osx.xcodeproj */;
				},
				{
					ProductGroup = FF9936151735F69D000533B7 /* Products */;
					ProjectRef = FF9936141735F69D000533B7 /* newton.xcodeproj */;
				},
				{
					ProductGroup = FF9936901735F8AF000533B7 /* Products */;
					ProjectRef = FF8C2D0A1313DC9500646B90 /* tinyxml.xcodeproj */;
				},
				{
					ProductGroup = FF99369A1735F8B0000533B7 /* Products */;
					ProjectRef = FF8402EB17353606008E038A /* wxcocoaStatic.xcodeproj */;
				},
			);
			projectRoot = "";
			targets = (
				8DD76F620486A84900D96B5E /* demosSandbox */,
			);
		};
/* End PBXProject section */

/* Begin PBXReferenceProxy section */
		FF99361C1735F69E000533B7 /* libnewton_d.a */ = {
			isa = PBXReferenceProxy;
			fileType = archive.ar;
			path = libnewton_d.a;
			remoteRef = FF99361B1735F69E000533B7 /* PBXContainerItemProxy */;
			sourceTree = BUILT_PRODUCTS_DIR;
		};
		FF9936801735F8AF000533B7 /* libenet_osx_d.a */ = {
			isa = PBXReferenceProxy;
			fileType = archive.ar;
			path = libenet_osx_d.a;
			remoteRef = FF99367F1735F8AF000533B7 /* PBXContainerItemProxy */;
			sourceTree = BUILT_PRODUCTS_DIR;
		};
		FF9936851735F8AF000533B7 /* libdScene_d.a */ = {
			isa = PBXReferenceProxy;
			fileType = archive.ar;
			path = libdScene_d.a;
			remoteRef = FF9936841735F8AF000533B7 /* PBXContainerItemProxy */;
			sourceTree = BUILT_PRODUCTS_DIR;
		};
		FF99368A1735F8AF000533B7 /* libdMath_d.a */ = {
			isa = PBXReferenceProxy;
			fileType = archive.ar;
			path = libdMath_d.a;
			remoteRef = FF9936891735F8AF000533B7 /* PBXContainerItemProxy */;
			sourceTree = BUILT_PRODUCTS_DIR;
		};
		FF99368F1735F8AF000533B7 /* libdVisualDebuggerServer_d.a */ = {
			isa = PBXReferenceProxy;
			fileType = archive.ar;
			path = libdVisualDebuggerServer_d.a;
			remoteRef = FF99368E1735F8AF000533B7 /* PBXContainerItemProxy */;
			sourceTree = BUILT_PRODUCTS_DIR;
		};
		FF9936941735F8AF000533B7 /* libtinyxml_d.a */ = {
			isa = PBXReferenceProxy;
			fileType = archive.ar;
			path = libtinyxml_d.a;
			remoteRef = FF9936931735F8AF000533B7 /* PBXContainerItemProxy */;
			sourceTree = BUILT_PRODUCTS_DIR;
		};
		FF9936991735F8AF000533B7 /* libdCustomJoints_d.a */ = {
			isa = PBXReferenceProxy;
			fileType = archive.ar;
			path = libdCustomJoints_d.a;
			remoteRef = FF9936981735F8AF000533B7 /* PBXContainerItemProxy */;
			sourceTree = BUILT_PRODUCTS_DIR;
		};
		FF99369E1735F8B0000533B7 /* libwx_osx_cocoa_d.a */ = {
			isa = PBXReferenceProxy;
			fileType = archive.ar;
			path = libwx_osx_cocoa_d.a;
			remoteRef = FF99369D1735F8B0000533B7 /* PBXContainerItemProxy */;
			sourceTree = BUILT_PRODUCTS_DIR;
		};
		FF9936A31735F8B0000533B7 /* libdContainers_d.a */ = {
			isa = PBXReferenceProxy;
			fileType = archive.ar;
			path = libdContainers_d.a;
			remoteRef = FF9936A21735F8B0000533B7 /* PBXContainerItemProxy */;
			sourceTree = BUILT_PRODUCTS_DIR;
		};
		FF9936A81735F8B0000533B7 /* libglew-osx_d.a */ = {
			isa = PBXReferenceProxy;
			fileType = archive.ar;
			path = "libglew-osx_d.a";
			remoteRef = FF9936A71735F8B0000533B7 /* PBXContainerItemProxy */;
			sourceTree = BUILT_PRODUCTS_DIR;
		};
/* End PBXReferenceProxy section */

/* Begin PBXSourcesBuildPhase section */
		8DD76F640486A84900D96B5E /* Sources */ = {
			isa = PBXSourcesBuildPhase;
			buildActionMask = 2147483647;
			files = (
				FFF60F461556D9F100E7B112 /* DemoAIAgent.cpp in Sources */,
				FFF60F471556D9F100E7B112 /* DemoAIListener.cpp in Sources */,
				FFF60F481556D9F100E7B112 /* DemoCamera.cpp in Sources */,
				FFF60F491556D9F100E7B112 /* DemoEntity.cpp in Sources */,
				FFF60F4A1556D9F100E7B112 /* DemoEntityListener.cpp in Sources */,
				FFF60F4B1556D9F100E7B112 /* DemoEntityManager.cpp in Sources */,
				FFF60F4E1556D9F100E7B112 /* DemoMesh.cpp in Sources */,
				FFF60F4F1556D9F100E7B112 /* DemoSoundListener.cpp in Sources */,
				FFF60F501556D9F100E7B112 /* DemoVisualDebugerListener.cpp in Sources */,
				FFF60F511556D9F100E7B112 /* NewtonDemos.cpp in Sources */,
				FFF60F7A1556DA2300E7B112 /* BasicCar.cpp in Sources */,
				FFF60F7C1556DA2300E7B112 /* BasicFriction.cpp in Sources */,
				FFF60F7E1556DA2300E7B112 /* BasicRestitution.cpp in Sources */,
				FFF60F811556DA2300E7B112 /* BasicStacking.cpp in Sources */,
				FFF60F841556DA2300E7B112 /* ClosestDistance.cpp in Sources */,
				FFF60F851556DA2300E7B112 /* CompoundCollision.cpp in Sources */,
				FFF60F861556DA2300E7B112 /* ContinueCollision.cpp in Sources */,
				FFF60F871556DA2300E7B112 /* ConvexApproximation.cpp in Sources */,
				FFF60F881556DA2300E7B112 /* ConvexCast.cpp in Sources */,
				FFF60F891556DA2300E7B112 /* HeavyVehicles.cpp in Sources */,
				FFF60F8A1556DA2300E7B112 /* HeighFieldCollision.cpp in Sources */,
				FFF60F8D1556DA2300E7B112 /* MeshCollision.cpp in Sources */,
				FFF60F8F1556DA2300E7B112 /* MultiRayCasting.cpp in Sources */,
				FFF60F901556DA2300E7B112 /* PrecessingTops.cpp in Sources */,
				FFF60F921556DA2300E7B112 /* PrimitiveCollision.cpp in Sources */,
				FFF60F951556DA2300E7B112 /* ScaledCollision.cpp in Sources */,
				FFF60F961556DA2300E7B112 /* SceneCollision.cpp in Sources */,
				FFF60F971556DA2300E7B112 /* SimpleConvexShatter.cpp in Sources */,
				FFF60F981556DA2300E7B112 /* SoftBodies.cpp in Sources */,
				FFF60F9A1556DA2300E7B112 /* SuperCar.cpp in Sources */,
				FFF60F9E1556DA2300E7B112 /* UsingNewtonMeshTool.cpp in Sources */,
				FFF60FBE1556DBB400E7B112 /* DebugDisplay.cpp in Sources */,
				FFF60FBF1556DBB400E7B112 /* dHighResolutionTimer.cpp in Sources */,
				FFF60FC01556DBB400E7B112 /* dRuntimeProfiler.cpp in Sources */,
				FFF60FC11556DBB400E7B112 /* dSoundManager.cpp in Sources */,
				FFF60FC21556DBB400E7B112 /* HeightFieldPrimitive.cpp in Sources */,
				FFF60FC41556DBB400E7B112 /* MousePick.cpp in Sources */,
				FFF60FC51556DBB400E7B112 /* OpenGlUtil.cpp in Sources */,
				FFF60FC61556DBB400E7B112 /* PhysicsUtils.cpp in Sources */,
				FFF60FC91556DBB400E7B112 /* SkyBox.cpp in Sources */,
				FFF60FCA1556DBB400E7B112 /* TargaToOpenGl.cpp in Sources */,
				FFF60FCB1556DBB400E7B112 /* toolbox_stdafx.cpp in Sources */,
				FFD27430172DA02000114513 /* DemoListenerBase.cpp in Sources */,
				FFD27433172DA05A00114513 /* AdvancedPlayerController.cpp in Sources */,
				FFD27434172DA05A00114513 /* BasicPlayerController.cpp in Sources */,
				FFD27436172DA06D00114513 /* DemoCameraListener.cpp in Sources */,
				FF3B296F17300BD6007E6FEC /* KinematicBodies.cpp in Sources */,
				FF3B297117300C79007E6FEC /* UserStaticCollision.cpp in Sources */,
				FF3B297617300CF0007E6FEC /* UserHeightFieldCollision.cpp in Sources */,
				FF3B297717300CF0007E6FEC /* UserPlaneCollision.cpp in Sources */,
				FF3B297B17300D39007E6FEC /* PostCompoundCreateBuildTest.cpp in Sources */,
				FF3B297C17300D39007E6FEC /* PuckSlide.cpp in Sources */,
				FF3B297D17300D39007E6FEC /* SimpleBooleans.cpp in Sources */,
			);
			runOnlyForDeploymentPostprocessing = 0;
		};
/* End PBXSourcesBuildPhase section */

/* Begin PBXTargetDependency section */
		FF99362A1735F6C4000533B7 /* PBXTargetDependency */ = {
			isa = PBXTargetDependency;
			name = newton;
			targetProxy = FF9936291735F6C4000533B7 /* PBXContainerItemProxy */;
		};
		FF9936AA1735F911000533B7 /* PBXTargetDependency */ = {
			isa = PBXTargetDependency;
			name = dCustomJoints;
			targetProxy = FF9936A91735F911000533B7 /* PBXContainerItemProxy */;
		};
		FF9936AC1735F911000533B7 /* PBXTargetDependency */ = {
			isa = PBXTargetDependency;
			name = dContainers;
			targetProxy = FF9936AB1735F911000533B7 /* PBXContainerItemProxy */;
		};
		FF9936AE1735F911000533B7 /* PBXTargetDependency */ = {
			isa = PBXTargetDependency;
			name = dVisualDebuggerServer;
			targetProxy = FF9936AD1735F911000533B7 /* PBXContainerItemProxy */;
		};
		FF9936B01735F911000533B7 /* PBXTargetDependency */ = {
			isa = PBXTargetDependency;
			name = wxWidget;
			targetProxy = FF9936AF1735F911000533B7 /* PBXContainerItemProxy */;
		};
		FF9936B21735F911000533B7 /* PBXTargetDependency */ = {
			isa = PBXTargetDependency;
			name = enet_osx;
			targetProxy = FF9936B11735F911000533B7 /* PBXContainerItemProxy */;
		};
		FF9936B41735F911000533B7 /* PBXTargetDependency */ = {
			isa = PBXTargetDependency;
			name = dScene;
			targetProxy = FF9936B31735F911000533B7 /* PBXContainerItemProxy */;
		};
		FF9936B61735F911000533B7 /* PBXTargetDependency */ = {
			isa = PBXTargetDependency;
			name = dMath;
			targetProxy = FF9936B51735F911000533B7 /* PBXContainerItemProxy */;
		};
		FF9936B81735F911000533B7 /* PBXTargetDependency */ = {
			isa = PBXTargetDependency;
			name = tinyxml;
			targetProxy = FF9936B71735F911000533B7 /* PBXContainerItemProxy */;
		};
		FF9936BA1735F911000533B7 /* PBXTargetDependency */ = {
			isa = PBXTargetDependency;
			name = "glew-osx";
			targetProxy = FF9936B91735F911000533B7 /* PBXContainerItemProxy */;
		};
/* End PBXTargetDependency section */

/* Begin XCBuildConfiguration section */
		1DEB923208733DC60010E9CD /* Debug */ = {
			isa = XCBuildConfiguration;
			buildSettings = {
				ALWAYS_SEARCH_USER_PATHS = NO;
				ARCHS = "$(ARCHS_STANDARD_32_64_BIT)";
				COPY_PHASE_STRIP = NO;
				GCC_ALTIVEC_EXTENSIONS = YES;
				GCC_DYNAMIC_NO_PIC = NO;
				GCC_MODEL_TUNING = G5;
				GCC_OPTIMIZATION_LEVEL = 0;
				GCC_PREPROCESSOR_DEFINITIONS = (
					_MACOSX_VER,
					_NEWTON_STATIC_LIB,
					GLEW_STATIC,
					"$(WX_PREPROCESSOR_DEFINITIONS)",
					"$(WXPLATFORM)",
					__WX__,
					"wxUSE_BASE=1",
					"_FILE_OFFSET_BITS=64",
					_LARGE_FILES,
					MACOS_CLASSIC,
					"__WXMAC_XCODE__=1",
					SCI_LEXER,
					"WX_PRECOMP=1",
					"wxUSE_UNICODE_UTF8=1",
				);
				GCC_SYMBOLS_PRIVATE_EXTERN = NO;
				GCC_VERSION = "";
				GCC_WARN_UNUSED_PARAMETER = YES;
				HEADER_SEARCH_PATHS = (
					../../../sdkDemos/toolBox,
					../../../../../packages/dMath,
					../../../../../packages/dScene,
					../../../../../packages/dContainers,
					../../../../../packages/dCustomJoints,
					../../../../../packages/dAILibrary,
					../../../../../packages/dVisualDebuggerServer,
					../../../../../packages/thirdParty/tinyxml,
					../../../../../packages/thirdParty/glew/include,
					../../../../../coreLibrary_300/source/ai,
					../../../../../coreLibrary_300/source/newton,
					"../../../../../packages/thirdParty/wxWidgets/wxWidgets-2.9.4/include",
					"../../../../../packages/thirdParty/wxWidgets/wxWidgets-2.9.4/build/osx/setup/cocoa/include",
				);
				INFOPLIST_FILE = "demosSandbox-Info.plist";
				INSTALL_PATH = /usr/local/bin;
				LIBRARY_SEARCH_PATHS = (
					"$(inherited)",
					"\"$(SRCROOT)/DerivedData/demosSandbox/Build/Products/Debug\"",
					"\"$(SRCROOT)/DerivedData/demosSandbox/Build/Products/Release\"",
				);
				MACOSX_DEPLOYMENT_TARGET = 10.7;
				ONLY_ACTIVE_ARCH = YES;
				OTHER_CFLAGS = (
					"-pipe",
					"-g",
					"-Wall",
					"-W",
					"-DQT_GUI_LIB",
					"-DQT_CORE_LIB",
					"-DQT_SHARED",
				);
				OTHER_LDFLAGS = (
					"-framework",
					WebKit,
					"-framework",
					IOKit,
					"-framework",
					Carbon,
					"-framework",
					Cocoa,
					"-framework",
					AudioToolbox,
					"-framework",
					OpenGL,
					"-framework",
					QuickTime,
				);
				PRODUCT_NAME = demosSandbox;
				SDKROOT = macosx;
				VALID_ARCHS = x86_64;
				WXPLATFORM = "__WXOSX_$(WXTOOLKITUPPER)__";
				WXTOOLKIT = cocoa;
				WXTOOLKITUPPER = COCOA;
				WX_PREPROCESSOR_DEFINITIONS = "__WXDEBUG__=1";
			};
			name = Debug;
		};
		1DEB923308733DC60010E9CD /* Release */ = {
			isa = XCBuildConfiguration;
			buildSettings = {
				ALWAYS_SEARCH_USER_PATHS = NO;
				ARCHS = "$(ARCHS_STANDARD_32_64_BIT)";
				DEBUG_INFORMATION_FORMAT = dwarf;
				GCC_ALTIVEC_EXTENSIONS = YES;
				GCC_MODEL_TUNING = G5;
				GCC_PREPROCESSOR_DEFINITIONS = (
					_MACOSX_VER,
					_NEWTON_STATIC_LIB,
					GLEW_STATIC,
					"$(WX_PREPROCESSOR_DEFINITIONS)",
					"$(WXPLATFORM)",
					__WX__,
					"wxUSE_BASE=1",
					"_FILE_OFFSET_BITS=64",
					_LARGE_FILES,
					MACOS_CLASSIC,
					"__WXMAC_XCODE__=1",
					SCI_LEXER,
					"WX_PRECOMP=1",
					"wxUSE_UNICODE_UTF8=1",
				);
				GCC_SYMBOLS_PRIVATE_EXTERN = NO;
				GCC_VERSION = "";
				GCC_WARN_UNUSED_PARAMETER = YES;
				HEADER_SEARCH_PATHS = (
					../../../sdkDemos/toolBox,
					../../../../../packages/dMath,
					../../../../../packages/dScene,
					../../../../../packages/dContainers,
					../../../../../packages/dCustomJoints,
					../../../../../packages/dAILibrary,
					../../../../../packages/dVisualDebuggerServer,
					../../../../../packages/thirdParty/tinyxml,
					../../../../../packages/thirdParty/glew/include,
					../../../../../coreLibrary_300/source/ai,
					../../../../../coreLibrary_300/source/newton,
					"../../../../../packages/thirdParty/wxWidgets/wxWidgets-2.9.4/include",
					"../../../../../packages/thirdParty/wxWidgets/wxWidgets-2.9.4/build/osx/setup/cocoa/include",
				);
				INFOPLIST_FILE = "demosSandbox-Info.plist";
				INSTALL_PATH = /usr/local/bin;
				LIBRARY_SEARCH_PATHS = (
					"$(inherited)",
					"\"$(SRCROOT)/DerivedData/demosSandbox/Build/Products/Debug\"",
					"\"$(SRCROOT)/DerivedData/demosSandbox/Build/Products/Release\"",
				);
				MACOSX_DEPLOYMENT_TARGET = 10.7;
				ONLY_ACTIVE_ARCH = YES;
				OTHER_CFLAGS = (
					"-pipe",
					"-g",
					"-Wall",
					"-W",
					"-DQT_GUI_LIB",
					"-DQT_CORE_LIB",
					"-DQT_SHARED",
				);
				OTHER_LDFLAGS = (
					"-framework",
					WebKit,
					"-framework",
					IOKit,
					"-framework",
					Carbon,
					"-framework",
					Cocoa,
					"-framework",
					AudioToolbox,
					"-framework",
					OpenGL,
					"-framework",
					QuickTime,
				);
				PRODUCT_NAME = demosSandbox;
				SDKROOT = macosx;
				VALID_ARCHS = x86_64;
				WXPLATFORM = "__WXOSX_$(WXTOOLKITUPPER)__";
				WXTOOLKIT = cocoa;
				WXTOOLKITUPPER = COCOA;
				WX_PREPROCESSOR_DEFINITIONS = "wxDEBUG_LEVEL=0";
			};
			name = Release;
		};
		1DEB923608733DC60010E9CD /* Debug */ = {
			isa = XCBuildConfiguration;
			buildSettings = {
				ARCHS = "$(ARCHS_STANDARD_32_BIT)";
				GCC_C_LANGUAGE_STANDARD = c99;
				GCC_OPTIMIZATION_LEVEL = 0;
				GCC_WARN_ABOUT_RETURN_TYPE = YES;
				GCC_WARN_UNUSED_VARIABLE = YES;
				ONLY_ACTIVE_ARCH = YES;
				PRODUCT_NAME = demosSandbox_d;
				SDKROOT = macosx;
			};
			name = Debug;
		};
		1DEB923708733DC60010E9CD /* Release */ = {
			isa = XCBuildConfiguration;
			buildSettings = {
				ARCHS = "$(ARCHS_STANDARD_32_BIT)";
				GCC_C_LANGUAGE_STANDARD = c99;
				GCC_WARN_ABOUT_RETURN_TYPE = YES;
				GCC_WARN_UNUSED_VARIABLE = YES;
				PRODUCT_NAME = demosSandbox;
				SDKROOT = macosx;
			};
			name = Release;
		};
/* End XCBuildConfiguration section */

/* Begin XCConfigurationList section */
		1DEB923108733DC60010E9CD /* Build configuration list for PBXNativeTarget "demosSandbox" */ = {
			isa = XCConfigurationList;
			buildConfigurations = (
				1DEB923208733DC60010E9CD /* Debug */,
				1DEB923308733DC60010E9CD /* Release */,
			);
			defaultConfigurationIsVisible = 0;
			defaultConfigurationName = Release;
		};
		1DEB923508733DC60010E9CD /* Build configuration list for PBXProject "demosSandbox" */ = {
			isa = XCConfigurationList;
			buildConfigurations = (
				1DEB923608733DC60010E9CD /* Debug */,
				1DEB923708733DC60010E9CD /* Release */,
			);
			defaultConfigurationIsVisible = 0;
			defaultConfigurationName = Release;
		};
/* End XCConfigurationList section */
	};
	rootObject = 08FB7793FE84155DC02AAC07 /* Project object */;
}
