// !$*UTF8*$!
{
	archiveVersion = 1;
	classes = {
	};
	objectVersion = 45;
	objects = {

/* Begin PBXBuildFile section */
		0974657C13142A2200DBA2C6 /* libnewton.a in Frameworks */ = {isa = PBXBuildFile; fileRef = FF8C2D1D1313DCAD00646B90 /* libnewton.a */; };
		0974657D13142A2200DBA2C6 /* libtinyxml.a in Frameworks */ = {isa = PBXBuildFile; fileRef = FF8C2D121313DC9500646B90 /* libtinyxml.a */; };
		0974657E13142A2200DBA2C6 /* libdScene_d.a in Frameworks */ = {isa = PBXBuildFile; fileRef = FF8C2D071313DC7F00646B90 /* libdScene_d.a */; };
		0974657F13142A2200DBA2C6 /* libdContainers.a in Frameworks */ = {isa = PBXBuildFile; fileRef = FF8C2CFC1313DC6A00646B90 /* libdContainers.a */; };
		0974658013142A2200DBA2C6 /* libdMath_d.a in Frameworks */ = {isa = PBXBuildFile; fileRef = FF8C2CF11313DC3700646B90 /* libdMath_d.a */; };
		09AD1AB4131433160054D1B6 /* CoreFoundation.framework in Frameworks */ = {isa = PBXBuildFile; fileRef = 09AD1AB3131433160054D1B6 /* CoreFoundation.framework */; };
		FF8C2D411313DE3200646B90 /* dHeightResolutionTimer.cpp in Sources */ = {isa = PBXBuildFile; fileRef = FF8C2D3F1313DE3200646B90 /* dHeightResolutionTimer.cpp */; };
		FF8C2D441313DE6600646B90 /* ClosestDistance.cpp in Sources */ = {isa = PBXBuildFile; fileRef = FF8C2D431313DE6600646B90 /* ClosestDistance.cpp */; };
		FF8F28B2131367150019E923 /* OpenGL.framework in Frameworks */ = {isa = PBXBuildFile; fileRef = FF8F28B1131367150019E923 /* OpenGL.framework */; };
		FF8F28D9131368FA0019E923 /* BasicFriction.cpp in Sources */ = {isa = PBXBuildFile; fileRef = FF8F28D5131368FA0019E923 /* BasicFriction.cpp */; };
		FF8F28DA131368FA0019E923 /* BasicStacking.cpp in Sources */ = {isa = PBXBuildFile; fileRef = FF8F28D6131368FA0019E923 /* BasicStacking.cpp */; };
		FF8F28DB131368FA0019E923 /* MeshCollision.cpp in Sources */ = {isa = PBXBuildFile; fileRef = FF8F28D7131368FA0019E923 /* MeshCollision.cpp */; };
		FF8F28DC131368FA0019E923 /* SceneCollision.cpp in Sources */ = {isa = PBXBuildFile; fileRef = FF8F28D8131368FA0019E923 /* SceneCollision.cpp */; };
		FF99312C13167AEA00D1C65B /* DemoDialogHelpers.cpp in Sources */ = {isa = PBXBuildFile; fileRef = FF99312A13167AEA00D1C65B /* DemoDialogHelpers.cpp */; };
		FFF1849613130A3A0077CF7A /* QtCore.framework in Frameworks */ = {isa = PBXBuildFile; fileRef = FFF1849513130A3A0077CF7A /* QtCore.framework */; };
		FFF1849A13130A460077CF7A /* QtGui.framework in Frameworks */ = {isa = PBXBuildFile; fileRef = FFF1849913130A460077CF7A /* QtGui.framework */; };
		FFF1849E13130A660077CF7A /* QtOpenGL.framework in Frameworks */ = {isa = PBXBuildFile; fileRef = FFF1849D13130A660077CF7A /* QtOpenGL.framework */; };
		FFF184D8131310FB0077CF7A /* DemoCamera.cpp in Sources */ = {isa = PBXBuildFile; fileRef = FFF184CB131310FB0077CF7A /* DemoCamera.cpp */; };
		FFF184D9131310FB0077CF7A /* DemoEntity.cpp in Sources */ = {isa = PBXBuildFile; fileRef = FFF184CD131310FB0077CF7A /* DemoEntity.cpp */; };
		FFF184DA131310FB0077CF7A /* DemoEntityManager.cpp in Sources */ = {isa = PBXBuildFile; fileRef = FFF184CF131310FB0077CF7A /* DemoEntityManager.cpp */; };
		FFF184DB131310FB0077CF7A /* DemoMesh.cpp in Sources */ = {isa = PBXBuildFile; fileRef = FFF184D1131310FB0077CF7A /* DemoMesh.cpp */; };
		FFF184DC131310FB0077CF7A /* moc_NewtonDemos.cpp in Sources */ = {isa = PBXBuildFile; fileRef = FFF184D3131310FB0077CF7A /* moc_NewtonDemos.cpp */; };
		FFF184DD131310FB0077CF7A /* NewtonDemos.cpp in Sources */ = {isa = PBXBuildFile; fileRef = FFF184D4131310FB0077CF7A /* NewtonDemos.cpp */; };
		FFF184DE131310FB0077CF7A /* PhysicsUtils.cpp in Sources */ = {isa = PBXBuildFile; fileRef = FFF184D6131310FB0077CF7A /* PhysicsUtils.cpp */; };
		FFF184ED131311250077CF7A /* DebugDisplay.cpp in Sources */ = {isa = PBXBuildFile; fileRef = FFF184DF131311250077CF7A /* DebugDisplay.cpp */; };
		FFF184EE131311250077CF7A /* dRuntimeProfiler.cpp in Sources */ = {isa = PBXBuildFile; fileRef = FFF184E1131311250077CF7A /* dRuntimeProfiler.cpp */; };
		FFF184EF131311250077CF7A /* dSimulationThread.cpp in Sources */ = {isa = PBXBuildFile; fileRef = FFF184E3131311250077CF7A /* dSimulationThread.cpp */; };
		FFF184F0131311250077CF7A /* OpenGlUtil.cpp in Sources */ = {isa = PBXBuildFile; fileRef = FFF184E5131311250077CF7A /* OpenGlUtil.cpp */; };
		FFF184F1131311250077CF7A /* SkyBox.cpp in Sources */ = {isa = PBXBuildFile; fileRef = FFF184E7131311250077CF7A /* SkyBox.cpp */; };
		FFF184F2131311250077CF7A /* TargaToOpenGl.cpp in Sources */ = {isa = PBXBuildFile; fileRef = FFF184E9131311250077CF7A /* TargaToOpenGl.cpp */; };
		FFF184F3131311250077CF7A /* toolbox_stdafx.cpp in Sources */ = {isa = PBXBuildFile; fileRef = FFF184EB131311250077CF7A /* toolbox_stdafx.cpp */; };
/* End PBXBuildFile section */

/* Begin PBXContainerItemProxy section */
		0974657213142A0400DBA2C6 /* PBXContainerItemProxy */ = {
			isa = PBXContainerItemProxy;
			containerPortal = FF8C2D0A1313DC9500646B90 /* tinyxml.xcodeproj */;
			proxyType = 1;
			remoteGlobalIDString = D2AAC06E0554671400DB518D;
			remoteInfo = tinyxml;
		};
		0974657413142A0600DBA2C6 /* PBXContainerItemProxy */ = {
			isa = PBXContainerItemProxy;
			containerPortal = FF8C2CF41313DC6A00646B90 /* dContainers.xcodeproj */;
			proxyType = 1;
			remoteGlobalIDString = D2AAC06E0554671400DB518D;
			remoteInfo = dContainers;
		};
		0974657613142A0800DBA2C6 /* PBXContainerItemProxy */ = {
			isa = PBXContainerItemProxy;
			containerPortal = FF8C2CFF1313DC7F00646B90 /* dScene.xcodeproj */;
			proxyType = 1;
			remoteGlobalIDString = D2AAC06E0554671400DB518D;
			remoteInfo = dScene;
		};
		0974657813142A0B00DBA2C6 /* PBXContainerItemProxy */ = {
			isa = PBXContainerItemProxy;
			containerPortal = FF8C2CE91313DC3700646B90 /* dMath.xcodeproj */;
			proxyType = 1;
			remoteGlobalIDString = D2AAC06E0554671400DB518D;
			remoteInfo = dMath;
		};
		0974657A13142A0D00DBA2C6 /* PBXContainerItemProxy */ = {
			isa = PBXContainerItemProxy;
			containerPortal = FF8C2D151313DCAD00646B90 /* newton.xcodeproj */;
			proxyType = 1;
			remoteGlobalIDString = D2AAC07D0554694100DB518D;
			remoteInfo = newton;
		};
		FF8C2CF01313DC3700646B90 /* PBXContainerItemProxy */ = {
			isa = PBXContainerItemProxy;
			containerPortal = FF8C2CE91313DC3700646B90 /* dMath.xcodeproj */;
			proxyType = 2;
			remoteGlobalIDString = D2AAC06F0554671400DB518D;
			remoteInfo = dMath;
		};
		FF8C2CFB1313DC6A00646B90 /* PBXContainerItemProxy */ = {
			isa = PBXContainerItemProxy;
			containerPortal = FF8C2CF41313DC6A00646B90 /* dContainers.xcodeproj */;
			proxyType = 2;
			remoteGlobalIDString = D2AAC06F0554671400DB518D;
			remoteInfo = dContainers;
		};
		FF8C2D061313DC7F00646B90 /* PBXContainerItemProxy */ = {
			isa = PBXContainerItemProxy;
			containerPortal = FF8C2CFF1313DC7F00646B90 /* dScene.xcodeproj */;
			proxyType = 2;
			remoteGlobalIDString = D2AAC06F0554671400DB518D;
			remoteInfo = dScene;
		};
		FF8C2D111313DC9500646B90 /* PBXContainerItemProxy */ = {
			isa = PBXContainerItemProxy;
			containerPortal = FF8C2D0A1313DC9500646B90 /* tinyxml.xcodeproj */;
			proxyType = 2;
			remoteGlobalIDString = D2AAC06F0554671400DB518D;
			remoteInfo = tinyxml;
		};
		FF8C2D1C1313DCAD00646B90 /* PBXContainerItemProxy */ = {
			isa = PBXContainerItemProxy;
			containerPortal = FF8C2D151313DCAD00646B90 /* newton.xcodeproj */;
			proxyType = 2;
			remoteGlobalIDString = D2AAC07E0554694100DB518D;
			remoteInfo = newton;
		};
/* End PBXContainerItemProxy section */

/* Begin PBXCopyFilesBuildPhase section */
		8DD76F690486A84900D96B5E /* CopyFiles */ = {
			isa = PBXCopyFilesBuildPhase;
			buildActionMask = 8;
			dstPath = /usr/share/man/man1/;
			dstSubfolderSpec = 0;
			files = (
			);
			runOnlyForDeploymentPostprocessing = 1;
		};
/* End PBXCopyFilesBuildPhase section */

/* Begin PBXFileReference section */
		09AD1AB3131433160054D1B6 /* CoreFoundation.framework */ = {isa = PBXFileReference; lastKnownFileType = wrapper.framework; name = CoreFoundation.framework; path = System/Library/Frameworks/CoreFoundation.framework; sourceTree = SDKROOT; };
		FF0AAD221313F961005D32D5 /* libnewton_d.a */ = {isa = PBXFileReference; lastKnownFileType = archive.ar; name = libnewton_d.a; path = ../../../../../coreLibrary_200/projects/mac/OS10_xcode3.2.5/build/Debug/libnewton_d.a; sourceTree = SOURCE_ROOT; };
		FF0AAE05131400DF005D32D5 /* libdContainers.a */ = {isa = PBXFileReference; lastKnownFileType = archive.ar; name = libdContainers.a; path = ../../../../../packages/projects/mac/dContainers/build/Release/libdContainers.a; sourceTree = SOURCE_ROOT; };
		FF0AAE0813140111005D32D5 /* libdMath.a */ = {isa = PBXFileReference; lastKnownFileType = archive.ar; name = libdMath.a; path = ../../../../../packages/projects/mac/dMath/build/Release/libdMath.a; sourceTree = SOURCE_ROOT; };
		FF0AAE0A1314012B005D32D5 /* libdScene.a */ = {isa = PBXFileReference; lastKnownFileType = archive.ar; name = libdScene.a; path = ../../../../../packages/projects/mac/dScene/build/Release/libdScene.a; sourceTree = SOURCE_ROOT; };
		FF0AAE0C1314014C005D32D5 /* libtinyxml.a */ = {isa = PBXFileReference; lastKnownFileType = archive.ar; name = libtinyxml.a; path = ../../../../../packages/projects/mac/tinyxml/build/Release/libtinyxml.a; sourceTree = SOURCE_ROOT; };
		FF0AAE0E13140169005D32D5 /* libnewton.a */ = {isa = PBXFileReference; lastKnownFileType = archive.ar; name = libnewton.a; path = ../../../../../coreLibrary_200/projects/mac/OS10_xcode3.2.5/build/Release/libnewton.a; sourceTree = SOURCE_ROOT; };
		FF8C2CE91313DC3700646B90 /* dMath.xcodeproj */ = {isa = PBXFileReference; lastKnownFileType = "wrapper.pb-project"; name = dMath.xcodeproj; path = ../../../../../packages/projects/mac/dMath/dMath.xcodeproj; sourceTree = SOURCE_ROOT; };
		FF8C2CF41313DC6A00646B90 /* dContainers.xcodeproj */ = {isa = PBXFileReference; lastKnownFileType = "wrapper.pb-project"; name = dContainers.xcodeproj; path = ../../../../../packages/projects/mac/dContainers/dContainers.xcodeproj; sourceTree = SOURCE_ROOT; };
		FF8C2CFF1313DC7F00646B90 /* dScene.xcodeproj */ = {isa = PBXFileReference; lastKnownFileType = "wrapper.pb-project"; name = dScene.xcodeproj; path = ../../../../../packages/projects/mac/dScene/dScene.xcodeproj; sourceTree = SOURCE_ROOT; };
		FF8C2D0A1313DC9500646B90 /* tinyxml.xcodeproj */ = {isa = PBXFileReference; lastKnownFileType = "wrapper.pb-project"; name = tinyxml.xcodeproj; path = ../../../../../packages/projects/mac/tinyxml/tinyxml.xcodeproj; sourceTree = SOURCE_ROOT; };
		FF8C2D151313DCAD00646B90 /* newton.xcodeproj */ = {isa = PBXFileReference; lastKnownFileType = "wrapper.pb-project"; name = newton.xcodeproj; path = ../../../../../coreLibrary_200/projects/mac/OS10_xcode3.2.5/newton.xcodeproj; sourceTree = SOURCE_ROOT; };
		FF8C2D321313DD5000646B90 /* libdScene_d.a */ = {isa = PBXFileReference; lastKnownFileType = archive.ar; name = libdScene_d.a; path = ../../../../../packages/projects/mac/dScene/build/Debug/libdScene_d.a; sourceTree = SOURCE_ROOT; };
		FF8C2D351313DD7D00646B90 /* libdMath_d.a */ = {isa = PBXFileReference; lastKnownFileType = archive.ar; name = libdMath_d.a; path = ../../../../../packages/projects/mac/dMath/build/Debug/libdMath_d.a; sourceTree = SOURCE_ROOT; };
		FF8C2D371313DD9600646B90 /* libtinyxml_d.a */ = {isa = PBXFileReference; lastKnownFileType = archive.ar; name = libtinyxml_d.a; path = ../../../../../packages/projects/mac/tinyxml/build/Debug/libtinyxml_d.a; sourceTree = SOURCE_ROOT; };
		FF8C2D3C1313DDEE00646B90 /* libdContainers_d.a */ = {isa = PBXFileReference; lastKnownFileType = archive.ar; name = libdContainers_d.a; path = ../../../../../packages/projects/mac/dContainers/build/Debug/libdContainers_d.a; sourceTree = SOURCE_ROOT; };
		FF8C2D3F1313DE3200646B90 /* dHeightResolutionTimer.cpp */ = {isa = PBXFileReference; fileEncoding = 4; lastKnownFileType = sourcecode.cpp.cpp; name = dHeightResolutionTimer.cpp; path = ../../../sdkDemos/toolBox/dHeightResolutionTimer.cpp; sourceTree = SOURCE_ROOT; };
		FF8C2D401313DE3200646B90 /* dHeightResolutionTimer.h */ = {isa = PBXFileReference; fileEncoding = 4; lastKnownFileType = sourcecode.c.h; name = dHeightResolutionTimer.h; path = ../../../sdkDemos/toolBox/dHeightResolutionTimer.h; sourceTree = SOURCE_ROOT; };
		FF8C2D431313DE6600646B90 /* ClosestDistance.cpp */ = {isa = PBXFileReference; fileEncoding = 4; lastKnownFileType = sourcecode.cpp.cpp; name = ClosestDistance.cpp; path = ../../../sdkDemos/demos/ClosestDistance.cpp; sourceTree = SOURCE_ROOT; };
		FF8F28B1131367150019E923 /* OpenGL.framework */ = {isa = PBXFileReference; lastKnownFileType = wrapper.framework; name = OpenGL.framework; path = /System/Library/Frameworks/OpenGL.framework; sourceTree = "<absolute>"; };
		FF8F28D5131368FA0019E923 /* BasicFriction.cpp */ = {isa = PBXFileReference; fileEncoding = 4; lastKnownFileType = sourcecode.cpp.cpp; name = BasicFriction.cpp; path = ../../../sdkDemos/demos/BasicFriction.cpp; sourceTree = SOURCE_ROOT; };
		FF8F28D6131368FA0019E923 /* BasicStacking.cpp */ = {isa = PBXFileReference; fileEncoding = 4; lastKnownFileType = sourcecode.cpp.cpp; name = BasicStacking.cpp; path = ../../../sdkDemos/demos/BasicStacking.cpp; sourceTree = SOURCE_ROOT; };
		FF8F28D7131368FA0019E923 /* MeshCollision.cpp */ = {isa = PBXFileReference; fileEncoding = 4; lastKnownFileType = sourcecode.cpp.cpp; name = MeshCollision.cpp; path = ../../../sdkDemos/demos/MeshCollision.cpp; sourceTree = SOURCE_ROOT; };
		FF8F28D8131368FA0019E923 /* SceneCollision.cpp */ = {isa = PBXFileReference; fileEncoding = 4; lastKnownFileType = sourcecode.cpp.cpp; name = SceneCollision.cpp; path = ../../../sdkDemos/demos/SceneCollision.cpp; sourceTree = SOURCE_ROOT; };
		FF99312A13167AEA00D1C65B /* DemoDialogHelpers.cpp */ = {isa = PBXFileReference; fileEncoding = 4; lastKnownFileType = sourcecode.cpp.cpp; name = DemoDialogHelpers.cpp; path = ../../../sdkDemos/DemoDialogHelpers.cpp; sourceTree = SOURCE_ROOT; };
		FF99312B13167AEA00D1C65B /* DemoDialogHelpers.h */ = {isa = PBXFileReference; fileEncoding = 4; lastKnownFileType = sourcecode.c.h; name = DemoDialogHelpers.h; path = ../../../sdkDemos/DemoDialogHelpers.h; sourceTree = SOURCE_ROOT; };
		FFF1849513130A3A0077CF7A /* QtCore.framework */ = {isa = PBXFileReference; lastKnownFileType = wrapper.framework; name = QtCore.framework; path = /Library/Frameworks/QtCore.framework; sourceTree = "<absolute>"; };
		FFF1849913130A460077CF7A /* QtGui.framework */ = {isa = PBXFileReference; lastKnownFileType = wrapper.framework; name = QtGui.framework; path = /Library/Frameworks/QtGui.framework; sourceTree = "<absolute>"; };
		FFF1849D13130A660077CF7A /* QtOpenGL.framework */ = {isa = PBXFileReference; lastKnownFileType = wrapper.framework; name = QtOpenGL.framework; path = /Library/Frameworks/QtOpenGL.framework; sourceTree = "<absolute>"; };
		FFF184CB131310FB0077CF7A /* DemoCamera.cpp */ = {isa = PBXFileReference; fileEncoding = 4; lastKnownFileType = sourcecode.cpp.cpp; name = DemoCamera.cpp; path = ../../../sdkDemos/DemoCamera.cpp; sourceTree = SOURCE_ROOT; };
		FFF184CC131310FB0077CF7A /* DemoCamera.h */ = {isa = PBXFileReference; fileEncoding = 4; lastKnownFileType = sourcecode.c.h; name = DemoCamera.h; path = ../../../sdkDemos/DemoCamera.h; sourceTree = SOURCE_ROOT; };
		FFF184CD131310FB0077CF7A /* DemoEntity.cpp */ = {isa = PBXFileReference; fileEncoding = 4; lastKnownFileType = sourcecode.cpp.cpp; name = DemoEntity.cpp; path = ../../../sdkDemos/DemoEntity.cpp; sourceTree = SOURCE_ROOT; };
		FFF184CE131310FB0077CF7A /* DemoEntity.h */ = {isa = PBXFileReference; fileEncoding = 4; lastKnownFileType = sourcecode.c.h; name = DemoEntity.h; path = ../../../sdkDemos/DemoEntity.h; sourceTree = SOURCE_ROOT; };
		FFF184CF131310FB0077CF7A /* DemoEntityManager.cpp */ = {isa = PBXFileReference; fileEncoding = 4; lastKnownFileType = sourcecode.cpp.cpp; name = DemoEntityManager.cpp; path = ../../../sdkDemos/DemoEntityManager.cpp; sourceTree = SOURCE_ROOT; };
		FFF184D0131310FB0077CF7A /* DemoEntityManager.h */ = {isa = PBXFileReference; fileEncoding = 4; lastKnownFileType = sourcecode.c.h; name = DemoEntityManager.h; path = ../../../sdkDemos/DemoEntityManager.h; sourceTree = SOURCE_ROOT; };
		FFF184D1131310FB0077CF7A /* DemoMesh.cpp */ = {isa = PBXFileReference; fileEncoding = 4; lastKnownFileType = sourcecode.cpp.cpp; name = DemoMesh.cpp; path = ../../../sdkDemos/DemoMesh.cpp; sourceTree = SOURCE_ROOT; };
		FFF184D2131310FB0077CF7A /* DemoMesh.h */ = {isa = PBXFileReference; fileEncoding = 4; lastKnownFileType = sourcecode.c.h; name = DemoMesh.h; path = ../../../sdkDemos/DemoMesh.h; sourceTree = SOURCE_ROOT; };
		FFF184D3131310FB0077CF7A /* moc_NewtonDemos.cpp */ = {isa = PBXFileReference; fileEncoding = 4; lastKnownFileType = sourcecode.cpp.cpp; name = moc_NewtonDemos.cpp; path = ../../../sdkDemos/moc_NewtonDemos.cpp; sourceTree = SOURCE_ROOT; };
		FFF184D4131310FB0077CF7A /* NewtonDemos.cpp */ = {isa = PBXFileReference; fileEncoding = 4; lastKnownFileType = sourcecode.cpp.cpp; name = NewtonDemos.cpp; path = ../../../sdkDemos/NewtonDemos.cpp; sourceTree = SOURCE_ROOT; };
		FFF184D5131310FB0077CF7A /* NewtonDemos.h */ = {isa = PBXFileReference; fileEncoding = 4; lastKnownFileType = sourcecode.c.h; name = NewtonDemos.h; path = ../../../sdkDemos/NewtonDemos.h; sourceTree = SOURCE_ROOT; };
		FFF184D6131310FB0077CF7A /* PhysicsUtils.cpp */ = {isa = PBXFileReference; fileEncoding = 4; lastKnownFileType = sourcecode.cpp.cpp; name = PhysicsUtils.cpp; path = ../../../sdkDemos/PhysicsUtils.cpp; sourceTree = SOURCE_ROOT; };
		FFF184D7131310FB0077CF7A /* PhysicsUtils.h */ = {isa = PBXFileReference; fileEncoding = 4; lastKnownFileType = sourcecode.c.h; name = PhysicsUtils.h; path = ../../../sdkDemos/PhysicsUtils.h; sourceTree = SOURCE_ROOT; };
		FFF184DF131311250077CF7A /* DebugDisplay.cpp */ = {isa = PBXFileReference; fileEncoding = 4; lastKnownFileType = sourcecode.cpp.cpp; name = DebugDisplay.cpp; path = ../../../sdkDemos/toolBox/DebugDisplay.cpp; sourceTree = SOURCE_ROOT; };
		FFF184E0131311250077CF7A /* DebugDisplay.h */ = {isa = PBXFileReference; fileEncoding = 4; lastKnownFileType = sourcecode.c.h; name = DebugDisplay.h; path = ../../../sdkDemos/toolBox/DebugDisplay.h; sourceTree = SOURCE_ROOT; };
		FFF184E1131311250077CF7A /* dRuntimeProfiler.cpp */ = {isa = PBXFileReference; fileEncoding = 4; lastKnownFileType = sourcecode.cpp.cpp; name = dRuntimeProfiler.cpp; path = ../../../sdkDemos/toolBox/dRuntimeProfiler.cpp; sourceTree = SOURCE_ROOT; };
		FFF184E2131311250077CF7A /* dRuntimeProfiler.h */ = {isa = PBXFileReference; fileEncoding = 4; lastKnownFileType = sourcecode.c.h; name = dRuntimeProfiler.h; path = ../../../sdkDemos/toolBox/dRuntimeProfiler.h; sourceTree = SOURCE_ROOT; };
		FFF184E3131311250077CF7A /* dSimulationThread.cpp */ = {isa = PBXFileReference; fileEncoding = 4; lastKnownFileType = sourcecode.cpp.cpp; name = dSimulationThread.cpp; path = ../../../sdkDemos/toolBox/dSimulationThread.cpp; sourceTree = SOURCE_ROOT; };
		FFF184E4131311250077CF7A /* dSimulationThread.h */ = {isa = PBXFileReference; fileEncoding = 4; lastKnownFileType = sourcecode.c.h; name = dSimulationThread.h; path = ../../../sdkDemos/toolBox/dSimulationThread.h; sourceTree = SOURCE_ROOT; };
		FFF184E5131311250077CF7A /* OpenGlUtil.cpp */ = {isa = PBXFileReference; fileEncoding = 4; lastKnownFileType = sourcecode.cpp.cpp; name = OpenGlUtil.cpp; path = ../../../sdkDemos/toolBox/OpenGlUtil.cpp; sourceTree = SOURCE_ROOT; };
		FFF184E6131311250077CF7A /* OpenGlUtil.h */ = {isa = PBXFileReference; fileEncoding = 4; lastKnownFileType = sourcecode.c.h; name = OpenGlUtil.h; path = ../../../sdkDemos/toolBox/OpenGlUtil.h; sourceTree = SOURCE_ROOT; };
		FFF184E7131311250077CF7A /* SkyBox.cpp */ = {isa = PBXFileReference; fileEncoding = 4; lastKnownFileType = sourcecode.cpp.cpp; name = SkyBox.cpp; path = ../../../sdkDemos/toolBox/SkyBox.cpp; sourceTree = SOURCE_ROOT; };
		FFF184E8131311250077CF7A /* SkyBox.h */ = {isa = PBXFileReference; fileEncoding = 4; lastKnownFileType = sourcecode.c.h; name = SkyBox.h; path = ../../../sdkDemos/toolBox/SkyBox.h; sourceTree = SOURCE_ROOT; };
		FFF184E9131311250077CF7A /* TargaToOpenGl.cpp */ = {isa = PBXFileReference; fileEncoding = 4; lastKnownFileType = sourcecode.cpp.cpp; name = TargaToOpenGl.cpp; path = ../../../sdkDemos/toolBox/TargaToOpenGl.cpp; sourceTree = SOURCE_ROOT; };
		FFF184EA131311250077CF7A /* TargaToOpenGl.h */ = {isa = PBXFileReference; fileEncoding = 4; lastKnownFileType = sourcecode.c.h; name = TargaToOpenGl.h; path = ../../../sdkDemos/toolBox/TargaToOpenGl.h; sourceTree = SOURCE_ROOT; };
		FFF184EB131311250077CF7A /* toolbox_stdafx.cpp */ = {isa = PBXFileReference; fileEncoding = 4; lastKnownFileType = sourcecode.cpp.cpp; name = toolbox_stdafx.cpp; path = ../../../sdkDemos/toolBox/toolbox_stdafx.cpp; sourceTree = SOURCE_ROOT; };
		FFF184EC131311250077CF7A /* toolbox_stdafx.h */ = {isa = PBXFileReference; fileEncoding = 4; lastKnownFileType = sourcecode.c.h; name = toolbox_stdafx.h; path = ../../../sdkDemos/toolBox/toolbox_stdafx.h; sourceTree = SOURCE_ROOT; };
		FFF18508131314CD0077CF7A /* newtonDemo */ = {isa = PBXFileReference; explicitFileType = "compiled.mach-o.executable"; includeInIndex = 0; path = newtonDemo; sourceTree = BUILT_PRODUCTS_DIR; };
/* End PBXFileReference section */

/* Begin PBXFrameworksBuildPhase section */
		8DD76F660486A84900D96B5E /* Frameworks */ = {
			isa = PBXFrameworksBuildPhase;
			buildActionMask = 2147483647;
			files = (
				0974657C13142A2200DBA2C6 /* libnewton.a in Frameworks */,
				0974657D13142A2200DBA2C6 /* libtinyxml.a in Frameworks */,
				0974657E13142A2200DBA2C6 /* libdScene_d.a in Frameworks */,
				0974657F13142A2200DBA2C6 /* libdContainers.a in Frameworks */,
				0974658013142A2200DBA2C6 /* libdMath_d.a in Frameworks */,
				FFF1849613130A3A0077CF7A /* QtCore.framework in Frameworks */,
				FFF1849A13130A460077CF7A /* QtGui.framework in Frameworks */,
				FFF1849E13130A660077CF7A /* QtOpenGL.framework in Frameworks */,
				FF8F28B2131367150019E923 /* OpenGL.framework in Frameworks */,
				09AD1AB4131433160054D1B6 /* CoreFoundation.framework in Frameworks */,
			);
			runOnlyForDeploymentPostprocessing = 0;
		};
/* End PBXFrameworksBuildPhase section */

/* Begin PBXGroup section */
		08FB7794FE84155DC02AAC07 /* newtonDemo */ = {
			isa = PBXGroup;
			children = (
				FFF184A113130A6F0077CF7A /* newtonDemos */,
				FF8C2D311313DD1100646B90 /* libraries */,
				FF8C27F71313DB5500646B90 /* frameworks */,
				FF8C27F31313DB2700646B90 /* dependencies */,
				C6859E8C029090F304C91782 /* Documentation */,
				1AB674ADFE9D54B511CA2CBB /* Products */,
			);
			name = newtonDemo;
			sourceTree = "<group>";
		};
		1AB674ADFE9D54B511CA2CBB /* Products */ = {
			isa = PBXGroup;
			children = (
				FFF18508131314CD0077CF7A /* newtonDemo */,
			);
			name = Products;
			sourceTree = "<group>";
		};
		C6859E8C029090F304C91782 /* Documentation */ = {
			isa = PBXGroup;
			children = (
			);
			name = Documentation;
			sourceTree = "<group>";
		};
		FF8C27F31313DB2700646B90 /* dependencies */ = {
			isa = PBXGroup;
			children = (
				FF8C2D151313DCAD00646B90 /* newton.xcodeproj */,
				FF8C2D0A1313DC9500646B90 /* tinyxml.xcodeproj */,
				FF8C2CFF1313DC7F00646B90 /* dScene.xcodeproj */,
				FF8C2CF41313DC6A00646B90 /* dContainers.xcodeproj */,
				FF8C2CE91313DC3700646B90 /* dMath.xcodeproj */,
			);
			name = dependencies;
			sourceTree = "<group>";
		};
		FF8C27F71313DB5500646B90 /* frameworks */ = {
			isa = PBXGroup;
			children = (
				09AD1AB3131433160054D1B6 /* CoreFoundation.framework */,
				FF8F28B1131367150019E923 /* OpenGL.framework */,
				FFF1849D13130A660077CF7A /* QtOpenGL.framework */,
				FFF1849913130A460077CF7A /* QtGui.framework */,
				FFF1849513130A3A0077CF7A /* QtCore.framework */,
			);
			name = frameworks;
			sourceTree = "<group>";
		};
		FF8C2CEA1313DC3700646B90 /* Products */ = {
			isa = PBXGroup;
			children = (
				FF8C2CF11313DC3700646B90 /* libdMath_d.a */,
			);
			name = Products;
			sourceTree = "<group>";
		};
		FF8C2CF51313DC6A00646B90 /* Products */ = {
			isa = PBXGroup;
			children = (
				FF8C2CFC1313DC6A00646B90 /* libdContainers.a */,
			);
			name = Products;
			sourceTree = "<group>";
		};
		FF8C2D001313DC7F00646B90 /* Products */ = {
			isa = PBXGroup;
			children = (
				FF8C2D071313DC7F00646B90 /* libdScene_d.a */,
			);
			name = Products;
			sourceTree = "<group>";
		};
		FF8C2D0B1313DC9500646B90 /* Products */ = {
			isa = PBXGroup;
			children = (
				FF8C2D121313DC9500646B90 /* libtinyxml.a */,
			);
			name = Products;
			sourceTree = "<group>";
		};
		FF8C2D161313DCAD00646B90 /* Products */ = {
			isa = PBXGroup;
			children = (
				FF8C2D1D1313DCAD00646B90 /* libnewton.a */,
			);
			name = Products;
			sourceTree = "<group>";
		};
		FF8C2D311313DD1100646B90 /* libraries */ = {
			isa = PBXGroup;
			children = (
				FF0AAE0E13140169005D32D5 /* libnewton.a */,
				FF0AAE0C1314014C005D32D5 /* libtinyxml.a */,
				FF0AAE0A1314012B005D32D5 /* libdScene.a */,
				FF0AAE0813140111005D32D5 /* libdMath.a */,
				FF0AAE05131400DF005D32D5 /* libdContainers.a */,
				FF0AAD221313F961005D32D5 /* libnewton_d.a */,
				FF8C2D3C1313DDEE00646B90 /* libdContainers_d.a */,
				FF8C2D371313DD9600646B90 /* libtinyxml_d.a */,
				FF8C2D351313DD7D00646B90 /* libdMath_d.a */,
				FF8C2D321313DD5000646B90 /* libdScene_d.a */,
			);
			name = libraries;
			sourceTree = "<group>";
		};
		FF8F28D4131368B90019E923 /* demos */ = {
			isa = PBXGroup;
			children = (
				FF8C2D431313DE6600646B90 /* ClosestDistance.cpp */,
				FF8F28D5131368FA0019E923 /* BasicFriction.cpp */,
				FF8F28D6131368FA0019E923 /* BasicStacking.cpp */,
				FF8F28D7131368FA0019E923 /* MeshCollision.cpp */,
				FF8F28D8131368FA0019E923 /* SceneCollision.cpp */,
			);
			name = demos;
			sourceTree = "<group>";
		};
		FF9931B51316828C00D1C65B /* guiFiles */ = {
			isa = PBXGroup;
			children = (
				FF99312A13167AEA00D1C65B /* DemoDialogHelpers.cpp */,
				FF99312B13167AEA00D1C65B /* DemoDialogHelpers.h */,
				FFF184CB131310FB0077CF7A /* DemoCamera.cpp */,
				FFF184CC131310FB0077CF7A /* DemoCamera.h */,
				FFF184CD131310FB0077CF7A /* DemoEntity.cpp */,
				FFF184CE131310FB0077CF7A /* DemoEntity.h */,
				FFF184CF131310FB0077CF7A /* DemoEntityManager.cpp */,
				FFF184D0131310FB0077CF7A /* DemoEntityManager.h */,
				FFF184D1131310FB0077CF7A /* DemoMesh.cpp */,
				FFF184D2131310FB0077CF7A /* DemoMesh.h */,
				FFF184D3131310FB0077CF7A /* moc_NewtonDemos.cpp */,
				FFF184D4131310FB0077CF7A /* NewtonDemos.cpp */,
				FFF184D5131310FB0077CF7A /* NewtonDemos.h */,
				FFF184D6131310FB0077CF7A /* PhysicsUtils.cpp */,
				FFF184D7131310FB0077CF7A /* PhysicsUtils.h */,
			);
			name = guiFiles;
			sourceTree = "<group>";
		};
		FFF184A113130A6F0077CF7A /* newtonDemos */ = {
			isa = PBXGroup;
			children = (
				FF9931B51316828C00D1C65B /* guiFiles */,
				FF8F28D4131368B90019E923 /* demos */,
				FFF184B61313103C0077CF7A /* toolBox */,
			);
			name = newtonDemos;
			sourceTree = "<group>";
		};
		FFF184B61313103C0077CF7A /* toolBox */ = {
			isa = PBXGroup;
			children = (
				FF8C2D3F1313DE3200646B90 /* dHeightResolutionTimer.cpp */,
				FF8C2D401313DE3200646B90 /* dHeightResolutionTimer.h */,
				FFF184DF131311250077CF7A /* DebugDisplay.cpp */,
				FFF184E0131311250077CF7A /* DebugDisplay.h */,
				FFF184E1131311250077CF7A /* dRuntimeProfiler.cpp */,
				FFF184E2131311250077CF7A /* dRuntimeProfiler.h */,
				FFF184E3131311250077CF7A /* dSimulationThread.cpp */,
				FFF184E4131311250077CF7A /* dSimulationThread.h */,
				FFF184E5131311250077CF7A /* OpenGlUtil.cpp */,
				FFF184E6131311250077CF7A /* OpenGlUtil.h */,
				FFF184E7131311250077CF7A /* SkyBox.cpp */,
				FFF184E8131311250077CF7A /* SkyBox.h */,
				FFF184E9131311250077CF7A /* TargaToOpenGl.cpp */,
				FFF184EA131311250077CF7A /* TargaToOpenGl.h */,
				FFF184EB131311250077CF7A /* toolbox_stdafx.cpp */,
				FFF184EC131311250077CF7A /* toolbox_stdafx.h */,
			);
			name = toolBox;
			sourceTree = "<group>";
		};
/* End PBXGroup section */

/* Begin PBXNativeTarget section */
		8DD76F620486A84900D96B5E /* newtonDemo */ = {
			isa = PBXNativeTarget;
			buildConfigurationList = 1DEB923108733DC60010E9CD /* Build configuration list for PBXNativeTarget "newtonDemo" */;
			buildPhases = (
				8DD76F640486A84900D96B5E /* Sources */,
				8DD76F660486A84900D96B5E /* Frameworks */,
				8DD76F690486A84900D96B5E /* CopyFiles */,
			);
			buildRules = (
			);
			dependencies = (
				0974657313142A0400DBA2C6 /* PBXTargetDependency */,
				0974657513142A0600DBA2C6 /* PBXTargetDependency */,
				0974657713142A0800DBA2C6 /* PBXTargetDependency */,
				0974657913142A0B00DBA2C6 /* PBXTargetDependency */,
				0974657B13142A0D00DBA2C6 /* PBXTargetDependency */,
			);
			name = newtonDemo;
			productInstallPath = "$(HOME)/bin";
			productName = newtonDemo;
			productReference = FFF18508131314CD0077CF7A /* newtonDemo */;
			productType = "com.apple.product-type.tool";
		};
/* End PBXNativeTarget section */

/* Begin PBXProject section */
		08FB7793FE84155DC02AAC07 /* Project object */ = {
			isa = PBXProject;
			buildConfigurationList = 1DEB923508733DC60010E9CD /* Build configuration list for PBXProject "newtonDemo" */;
			compatibilityVersion = "Xcode 3.1";
			hasScannedForEncodings = 1;
			knownRegions = (
				English,
				Japanese,
				French,
				German,
			);
			mainGroup = 08FB7794FE84155DC02AAC07 /* newtonDemo */;
			projectDirPath = "";
			projectReferences = (
				{
					ProductGroup = FF8C2CF51313DC6A00646B90 /* Products */;
					ProjectRef = FF8C2CF41313DC6A00646B90 /* dContainers.xcodeproj */;
				},
				{
					ProductGroup = FF8C2CEA1313DC3700646B90 /* Products */;
					ProjectRef = FF8C2CE91313DC3700646B90 /* dMath.xcodeproj */;
				},
				{
					ProductGroup = FF8C2D001313DC7F00646B90 /* Products */;
					ProjectRef = FF8C2CFF1313DC7F00646B90 /* dScene.xcodeproj */;
				},
				{
					ProductGroup = FF8C2D161313DCAD00646B90 /* Products */;
					ProjectRef = FF8C2D151313DCAD00646B90 /* newton.xcodeproj */;
				},
				{
					ProductGroup = FF8C2D0B1313DC9500646B90 /* Products */;
					ProjectRef = FF8C2D0A1313DC9500646B90 /* tinyxml.xcodeproj */;
				},
			);
			projectRoot = "";
			targets = (
				8DD76F620486A84900D96B5E /* newtonDemo */,
			);
		};
/* End PBXProject section */

/* Begin PBXReferenceProxy section */
		FF8C2CF11313DC3700646B90 /* libdMath_d.a */ = {
			isa = PBXReferenceProxy;
			fileType = archive.ar;
			path = libdMath_d.a;
			remoteRef = FF8C2CF01313DC3700646B90 /* PBXContainerItemProxy */;
			sourceTree = BUILT_PRODUCTS_DIR;
		};
		FF8C2CFC1313DC6A00646B90 /* libdContainers.a */ = {
			isa = PBXReferenceProxy;
			fileType = archive.ar;
			path = libdContainers.a;
			remoteRef = FF8C2CFB1313DC6A00646B90 /* PBXContainerItemProxy */;
			sourceTree = BUILT_PRODUCTS_DIR;
		};
		FF8C2D071313DC7F00646B90 /* libdScene_d.a */ = {
			isa = PBXReferenceProxy;
			fileType = archive.ar;
			path = libdScene_d.a;
			remoteRef = FF8C2D061313DC7F00646B90 /* PBXContainerItemProxy */;
			sourceTree = BUILT_PRODUCTS_DIR;
		};
		FF8C2D121313DC9500646B90 /* libtinyxml.a */ = {
			isa = PBXReferenceProxy;
			fileType = archive.ar;
			path = libtinyxml.a;
			remoteRef = FF8C2D111313DC9500646B90 /* PBXContainerItemProxy */;
			sourceTree = BUILT_PRODUCTS_DIR;
		};
		FF8C2D1D1313DCAD00646B90 /* libnewton.a */ = {
			isa = PBXReferenceProxy;
			fileType = archive.ar;
			path = libnewton.a;
			remoteRef = FF8C2D1C1313DCAD00646B90 /* PBXContainerItemProxy */;
			sourceTree = BUILT_PRODUCTS_DIR;
		};
/* End PBXReferenceProxy section */

/* Begin PBXSourcesBuildPhase section */
		8DD76F640486A84900D96B5E /* Sources */ = {
			isa = PBXSourcesBuildPhase;
			buildActionMask = 2147483647;
			files = (
				FFF184D8131310FB0077CF7A /* DemoCamera.cpp in Sources */,
				FFF184D9131310FB0077CF7A /* DemoEntity.cpp in Sources */,
				FFF184DA131310FB0077CF7A /* DemoEntityManager.cpp in Sources */,
				FFF184DB131310FB0077CF7A /* DemoMesh.cpp in Sources */,
				FFF184DC131310FB0077CF7A /* moc_NewtonDemos.cpp in Sources */,
				FFF184DD131310FB0077CF7A /* NewtonDemos.cpp in Sources */,
				FFF184DE131310FB0077CF7A /* PhysicsUtils.cpp in Sources */,
				FFF184ED131311250077CF7A /* DebugDisplay.cpp in Sources */,
				FFF184EE131311250077CF7A /* dRuntimeProfiler.cpp in Sources */,
				FFF184EF131311250077CF7A /* dSimulationThread.cpp in Sources */,
				FFF184F0131311250077CF7A /* OpenGlUtil.cpp in Sources */,
				FFF184F1131311250077CF7A /* SkyBox.cpp in Sources */,
				FFF184F2131311250077CF7A /* TargaToOpenGl.cpp in Sources */,
				FFF184F3131311250077CF7A /* toolbox_stdafx.cpp in Sources */,
				FF8F28D9131368FA0019E923 /* BasicFriction.cpp in Sources */,
				FF8F28DA131368FA0019E923 /* BasicStacking.cpp in Sources */,
				FF8F28DB131368FA0019E923 /* MeshCollision.cpp in Sources */,
				FF8F28DC131368FA0019E923 /* SceneCollision.cpp in Sources */,
				FF8C2D411313DE3200646B90 /* dHeightResolutionTimer.cpp in Sources */,
				FF8C2D441313DE6600646B90 /* ClosestDistance.cpp in Sources */,
				FF99312C13167AEA00D1C65B /* DemoDialogHelpers.cpp in Sources */,
			);
			runOnlyForDeploymentPostprocessing = 0;
		};
/* End PBXSourcesBuildPhase section */

/* Begin PBXTargetDependency section */
		0974657313142A0400DBA2C6 /* PBXTargetDependency */ = {
			isa = PBXTargetDependency;
			name = tinyxml;
			targetProxy = 0974657213142A0400DBA2C6 /* PBXContainerItemProxy */;
		};
		0974657513142A0600DBA2C6 /* PBXTargetDependency */ = {
			isa = PBXTargetDependency;
			name = dContainers;
			targetProxy = 0974657413142A0600DBA2C6 /* PBXContainerItemProxy */;
		};
		0974657713142A0800DBA2C6 /* PBXTargetDependency */ = {
			isa = PBXTargetDependency;
			name = dScene;
			targetProxy = 0974657613142A0800DBA2C6 /* PBXContainerItemProxy */;
		};
		0974657913142A0B00DBA2C6 /* PBXTargetDependency */ = {
			isa = PBXTargetDependency;
			name = dMath;
			targetProxy = 0974657813142A0B00DBA2C6 /* PBXContainerItemProxy */;
		};
		0974657B13142A0D00DBA2C6 /* PBXTargetDependency */ = {
			isa = PBXTargetDependency;
			name = newton;
			targetProxy = 0974657A13142A0D00DBA2C6 /* PBXContainerItemProxy */;
		};
/* End PBXTargetDependency section */

/* Begin XCBuildConfiguration section */
		1DEB923208733DC60010E9CD /* Debug */ = {
			isa = XCBuildConfiguration;
			buildSettings = {
				ALWAYS_SEARCH_USER_PATHS = NO;
				ARCHS = "$(ARCHS_STANDARD_32_64_BIT)";
				COPY_PHASE_STRIP = NO;
				GCC_ALTIVEC_EXTENSIONS = YES;
				GCC_DYNAMIC_NO_PIC = NO;
				GCC_ENABLE_FIX_AND_CONTINUE = YES;
				GCC_MODEL_TUNING = G5;
				GCC_OPTIMIZATION_LEVEL = 0;
				GCC_PREPROCESSOR_DEFINITIONS = _MACOSX_VER;
				GCC_SYMBOLS_PRIVATE_EXTERN = NO;
				GCC_VERSION = "";
				HEADER_SEARCH_PATHS = (
					../../../sdkDemos/toolBox,
					../../../../../packages/dMath,
					../../../../../packages/dScene,
					../../../../../packages/dContainers,
					../../../../../packages/thirdParty/tinyxml,
					../../../../../coreLibrary_200/source/newton,
				);
				INSTALL_PATH = /usr/local/bin;
				LIBRARY_SEARCH_PATHS = (
					"$(inherited)",
					"\"$(SRCROOT)/../../../../../coreLibrary_200/projects/mac/OS10_xcode3.2.5/build/Debug\"",
					"\"$(SRCROOT)/../../../../../packages/projects/mac/dScene/build/Debug\"",
					"\"$(SRCROOT)/../../../../../packages/projects/mac/dMath/build/Debug\"",
					"\"$(SRCROOT)/../../../../../packages/projects/mac/tinyxml/build/Debug\"",
					"\"$(SRCROOT)/../../../../../packages/projects/mac/dContainers/build/Debug\"",
					"\"$(SRCROOT)/../../../../../packages/projects/mac/dContainers/build/Release\"",
					"\"$(SRCROOT)/../../../../../packages/projects/mac/dMath/build/Release\"",
					"\"$(SRCROOT)/../../../../../packages/projects/mac/dScene/build/Release\"",
					"\"$(SRCROOT)/../../../../../packages/projects/mac/tinyxml/build/Release\"",
					"\"$(SRCROOT)/../../../../../coreLibrary_200/projects/mac/OS10_xcode3.2.5/build/Release\"",
				);
				MACOSX_DEPLOYMENT_TARGET = 10.4;
				ONLY_ACTIVE_ARCH = YES;
				OTHER_CFLAGS = (
					"-pipe",
					"-g",
					"-Wall",
					"-W",
					"-DQT_GUI_LIB",
					"-DQT_CORE_LIB",
					"-DQT_SHARED",
				);
				PRODUCT_NAME = newtonDemo;
				SDKROOT = macosx10.5;
			};
			name = Debug;
		};
		1DEB923308733DC60010E9CD /* Release */ = {
			isa = XCBuildConfiguration;
			buildSettings = {
				ALWAYS_SEARCH_USER_PATHS = NO;
				ARCHS = "$(ARCHS_STANDARD_32_64_BIT)";
				DEBUG_INFORMATION_FORMAT = "dwarf-with-dsym";
				GCC_ALTIVEC_EXTENSIONS = YES;
				GCC_MODEL_TUNING = G5;
				GCC_PREPROCESSOR_DEFINITIONS = _MACOSX_VER;
				GCC_SYMBOLS_PRIVATE_EXTERN = NO;
				GCC_VERSION = "";
				HEADER_SEARCH_PATHS = (
					../../../sdkDemos/toolBox,
					../../../../../packages/dMath,
					../../../../../packages/dScene,
					../../../../../packages/dContainers,
					../../../../../packages/thirdParty/tinyxml,
					../../../../../coreLibrary_200/source/newton,
				);
				INSTALL_PATH = /usr/local/bin;
				LIBRARY_SEARCH_PATHS = (
					"$(inherited)",
					"\"$(SRCROOT)/../../../../../coreLibrary_200/projects/mac/OS10_xcode3.2.5/build/Debug\"",
					"\"$(SRCROOT)/../../../../../packages/projects/mac/dScene/build/Debug\"",
					"\"$(SRCROOT)/../../../../../packages/projects/mac/dMath/build/Debug\"",
					"\"$(SRCROOT)/../../../../../packages/projects/mac/tinyxml/build/Debug\"",
					"\"$(SRCROOT)/../../../../../packages/projects/mac/dContainers/build/Debug\"",
					"\"$(SRCROOT)/../../../../../packages/projects/mac/dContainers/build/Release\"",
					"\"$(SRCROOT)/../../../../../packages/projects/mac/dMath/build/Release\"",
					"\"$(SRCROOT)/../../../../../packages/projects/mac/dScene/build/Release\"",
					"\"$(SRCROOT)/../../../../../packages/projects/mac/tinyxml/build/Release\"",
					"\"$(SRCROOT)/../../../../../coreLibrary_200/projects/mac/OS10_xcode3.2.5/build/Release\"",
				);
				MACOSX_DEPLOYMENT_TARGET = 10.4;
				ONLY_ACTIVE_ARCH = YES;
				OTHER_CFLAGS = (
					"-pipe",
					"-g",
					"-Wall",
					"-W",
					"-DQT_GUI_LIB",
					"-DQT_CORE_LIB",
					"-DQT_SHARED",
				);
				PRODUCT_NAME = newtonDemo;
				SDKROOT = macosx10.5;
			};
			name = Release;
		};
		1DEB923608733DC60010E9CD /* Debug */ = {
			isa = XCBuildConfiguration;
			buildSettings = {
				ARCHS = "$(ARCHS_STANDARD_32_BIT)";
				GCC_C_LANGUAGE_STANDARD = c99;
				GCC_OPTIMIZATION_LEVEL = 0;
				GCC_WARN_ABOUT_RETURN_TYPE = YES;
				GCC_WARN_UNUSED_VARIABLE = YES;
				ONLY_ACTIVE_ARCH = YES;
				PREBINDING = NO;
				SDKROOT = macosx10.5;
			};
			name = Debug;
		};
		1DEB923708733DC60010E9CD /* Release */ = {
			isa = XCBuildConfiguration;
			buildSettings = {
				ARCHS = "$(ARCHS_STANDARD_32_BIT)";
				GCC_C_LANGUAGE_STANDARD = c99;
				GCC_WARN_ABOUT_RETURN_TYPE = YES;
				GCC_WARN_UNUSED_VARIABLE = YES;
				PREBINDING = NO;
				SDKROOT = macosx10.5;
			};
			name = Release;
		};
/* End XCBuildConfiguration section */

/* Begin XCConfigurationList section */
		1DEB923108733DC60010E9CD /* Build configuration list for PBXNativeTarget "newtonDemo" */ = {
			isa = XCConfigurationList;
			buildConfigurations = (
				1DEB923208733DC60010E9CD /* Debug */,
				1DEB923308733DC60010E9CD /* Release */,
			);
			defaultConfigurationIsVisible = 0;
			defaultConfigurationName = Release;
		};
		1DEB923508733DC60010E9CD /* Build configuration list for PBXProject "newtonDemo" */ = {
			isa = XCConfigurationList;
			buildConfigurations = (
				1DEB923608733DC60010E9CD /* Debug */,
				1DEB923708733DC60010E9CD /* Release */,
			);
			defaultConfigurationIsVisible = 0;
			defaultConfigurationName = Release;
		};
/* End XCConfigurationList section */
	};
	rootObject = 08FB7793FE84155DC02AAC07 /* Project object */;
}
